// !$*UTF8*$!
{
	archiveVersion = 1;
	classes = {
	};
	objectVersion = 50;
	objects = {

/* Begin PBXBuildFile section */
		16107B190BA50D2B2CC0D8C4 /* Pods_VillageCoreUI.framework in Frameworks */ = {isa = PBXBuildFile; fileRef = 08CA969EBAEF01C869F0AEDC /* Pods_VillageCoreUI.framework */; };
		D411BC3B2247B3EE003D2F08 /* SettingsController.swift in Sources */ = {isa = PBXBuildFile; fileRef = D411BC332247B3EE003D2F08 /* SettingsController.swift */; };
		D411BC3C2247B3EE003D2F08 /* EditSettingsController.swift in Sources */ = {isa = PBXBuildFile; fileRef = D411BC342247B3EE003D2F08 /* EditSettingsController.swift */; };
		D411BC3D2247B3EE003D2F08 /* UserSettingsHeaderController.swift in Sources */ = {isa = PBXBuildFile; fileRef = D411BC352247B3EE003D2F08 /* UserSettingsHeaderController.swift */; };
		D411BC3E2247B3EE003D2F08 /* UserSettingsInfoCell.swift in Sources */ = {isa = PBXBuildFile; fileRef = D411BC372247B3EE003D2F08 /* UserSettingsInfoCell.swift */; };
		D411BC3F2247B3EE003D2F08 /* UserSettingsSwitchCell.swift in Sources */ = {isa = PBXBuildFile; fileRef = D411BC382247B3EE003D2F08 /* UserSettingsSwitchCell.swift */; };
		D411BC402247B3EE003D2F08 /* UserSettingsGenericCell.swift in Sources */ = {isa = PBXBuildFile; fileRef = D411BC392247B3EE003D2F08 /* UserSettingsGenericCell.swift */; };
		D411BC412247B3EE003D2F08 /* UserSettings.storyboard in Resources */ = {isa = PBXBuildFile; fileRef = D411BC3A2247B3EE003D2F08 /* UserSettings.storyboard */; };
		D411BC432247E687003D2F08 /* ProgressIndicator.swift in Sources */ = {isa = PBXBuildFile; fileRef = D411BC422247E687003D2F08 /* ProgressIndicator.swift */; };
		D411BC452247F807003D2F08 /* UIImage+Rotation.swift in Sources */ = {isa = PBXBuildFile; fileRef = D411BC442247F807003D2F08 /* UIImage+Rotation.swift */; };
		D411BC472247F844003D2F08 /* UIImage+Scaling.swift in Sources */ = {isa = PBXBuildFile; fileRef = D411BC462247F844003D2F08 /* UIImage+Scaling.swift */; };
		D4164B752268011A0025E6E9 /* PersonCell.swift in Sources */ = {isa = PBXBuildFile; fileRef = D4164B702268011A0025E6E9 /* PersonCell.swift */; };
		D4164B762268011A0025E6E9 /* PersonCell.xib in Resources */ = {isa = PBXBuildFile; fileRef = D4164B712268011A0025E6E9 /* PersonCell.xib */; };
		D4164B772268011A0025E6E9 /* SelectPeopleViewController.swift in Sources */ = {isa = PBXBuildFile; fileRef = D4164B732268011A0025E6E9 /* SelectPeopleViewController.swift */; };
		D4164B7A226801670025E6E9 /* PersonLabel.swift in Sources */ = {isa = PBXBuildFile; fileRef = D4164B79226801660025E6E9 /* PersonLabel.swift */; };
		D4164B7C226802570025E6E9 /* PersonSearchViewController.swift in Sources */ = {isa = PBXBuildFile; fileRef = D4164B7B226802570025E6E9 /* PersonSearchViewController.swift */; };
		D42FE5C222411E1700B46C8F /* SendEmailTokenViewController.swift in Sources */ = {isa = PBXBuildFile; fileRef = D42FE5C122411E1700B46C8F /* SendEmailTokenViewController.swift */; };
		D42FE5C422411E2000B46C8F /* SendEmailTokenViewController.storyboard in Resources */ = {isa = PBXBuildFile; fileRef = D42FE5C322411E2000B46C8F /* SendEmailTokenViewController.storyboard */; };
		D43663C32229ACA9006354F2 /* LoginPasswordViewController.storyboard in Resources */ = {isa = PBXBuildFile; fileRef = D43663C12229ACA9006354F2 /* LoginPasswordViewController.storyboard */; };
		D43663C42229ACA9006354F2 /* LoginPasswordViewController.swift in Sources */ = {isa = PBXBuildFile; fileRef = D43663C22229ACA9006354F2 /* LoginPasswordViewController.swift */; };
		D43663C72229BBC8006354F2 /* UIViewController+NavigationBar.swift in Sources */ = {isa = PBXBuildFile; fileRef = D43663C62229BBC8006354F2 /* UIViewController+NavigationBar.swift */; };
		D43663CE222A13F2006354F2 /* ForgotPasswordViewController.storyboard in Resources */ = {isa = PBXBuildFile; fileRef = D43663CC222A13F1006354F2 /* ForgotPasswordViewController.storyboard */; };
		D43663CF222A13F2006354F2 /* ForgotPasswordViewController.swift in Sources */ = {isa = PBXBuildFile; fileRef = D43663CD222A13F2006354F2 /* ForgotPasswordViewController.swift */; };
		D43663D2222A24BE006354F2 /* UIButton+Loading.swift in Sources */ = {isa = PBXBuildFile; fileRef = D43663D1222A24BE006354F2 /* UIButton+Loading.swift */; };
		D43663D8222C4E37006354F2 /* CurrentUserViewController.swift in Sources */ = {isa = PBXBuildFile; fileRef = D43663D7222C4E37006354F2 /* CurrentUserViewController.swift */; };
		D44B5F07222970BB00941CCE /* TintedTextField.swift in Sources */ = {isa = PBXBuildFile; fileRef = D44B5F06222970BB00941CCE /* TintedTextField.swift */; };
		D460B81A224AC434003DCA2C /* NewsCell.swift in Sources */ = {isa = PBXBuildFile; fileRef = D460B811224AC433003DCA2C /* NewsCell.swift */; };
		D460B81B224AC434003DCA2C /* NoticeCell.swift in Sources */ = {isa = PBXBuildFile; fileRef = D460B812224AC433003DCA2C /* NoticeCell.swift */; };
		D460B81C224AC434003DCA2C /* NoticeAcknowledgementCell.swift in Sources */ = {isa = PBXBuildFile; fileRef = D460B813224AC433003DCA2C /* NoticeAcknowledgementCell.swift */; };
		D460B81D224AC434003DCA2C /* ViewNoticeViewController.swift in Sources */ = {isa = PBXBuildFile; fileRef = D460B815224AC433003DCA2C /* ViewNoticeViewController.swift */; };
		D460B81E224AC434003DCA2C /* NoticeAcknowledgementsViewController.swift in Sources */ = {isa = PBXBuildFile; fileRef = D460B816224AC433003DCA2C /* NoticeAcknowledgementsViewController.swift */; };
		D460B81F224AC434003DCA2C /* CreateNoticeViewController.swift in Sources */ = {isa = PBXBuildFile; fileRef = D460B817224AC433003DCA2C /* CreateNoticeViewController.swift */; };
		D460B820224AC434003DCA2C /* NoticeListViewController.swift in Sources */ = {isa = PBXBuildFile; fileRef = D460B818224AC433003DCA2C /* NoticeListViewController.swift */; };
		D460B821224AC434003DCA2C /* Notices.storyboard in Resources */ = {isa = PBXBuildFile; fileRef = D460B819224AC434003DCA2C /* Notices.storyboard */; };
		D46724F02248160B00F4D7E5 /* Bundle+Version.swift in Sources */ = {isa = PBXBuildFile; fileRef = D46724EF2248160B00F4D7E5 /* Bundle+Version.swift */; };
		D479D2FD224AE87000AFB3DA /* IndentedTextField.swift in Sources */ = {isa = PBXBuildFile; fileRef = D479D2FC224AE87000AFB3DA /* IndentedTextField.swift */; };
		D47FD3F6220FB23700376D31 /* VillageContainer.swift in Sources */ = {isa = PBXBuildFile; fileRef = D4CC29B8220757CC0091BEFB /* VillageContainer.swift */; };
		D47FD3F7220FB23C00376D31 /* VillageContainer.storyboard in Resources */ = {isa = PBXBuildFile; fileRef = D4CC29BA220757DE0091BEFB /* VillageContainer.storyboard */; };
		D47FD3F9220FB74B00376D31 /* Assets.xcassets in Resources */ = {isa = PBXBuildFile; fileRef = D47FD3F8220FB74B00376D31 /* Assets.xcassets */; };
		D47FD3FF220FBD4700376D31 /* Constants.swift in Sources */ = {isa = PBXBuildFile; fileRef = D47FD3FE220FBD4700376D31 /* Constants.swift */; };
		D47FD402220FC08700376D31 /* Image+Named.swift in Sources */ = {isa = PBXBuildFile; fileRef = D47FD401220FC08700376D31 /* Image+Named.swift */; };
		D4984EA0223E83E700793CFE /* StatefulUserInterface.swift in Sources */ = {isa = PBXBuildFile; fileRef = D4984E9F223E83E700793CFE /* StatefulUserInterface.swift */; };
		D4984EA1223FAF9600793CFE /* KudoCell.swift in Sources */ = {isa = PBXBuildFile; fileRef = D4B4E880223B3753002DED70 /* KudoCell.swift */; };
		D4984EA2223FCD5B00793CFE /* Kudos.storyboard in Resources */ = {isa = PBXBuildFile; fileRef = D4B4E87B223B3752002DED70 /* Kudos.storyboard */; };
		D4984EA3223FCD7C00793CFE /* KudoCell.xib in Resources */ = {isa = PBXBuildFile; fileRef = D4B4E883223B3753002DED70 /* KudoCell.xib */; };
		D4A6976522600D7700ECC0A8 /* ContentDetailController.swift in Sources */ = {isa = PBXBuildFile; fileRef = D4CEAE82225FFCCB00A215E4 /* ContentDetailController.swift */; };
		D4A6976622600DF600ECC0A8 /* LeftBarButtonBehavior.swift in Sources */ = {isa = PBXBuildFile; fileRef = D4CEAE8C2260018200A215E4 /* LeftBarButtonBehavior.swift */; };
		D4A6976D226400CD00ECC0A8 /* LeaderboardCell.xib in Resources */ = {isa = PBXBuildFile; fileRef = D4B4E87D223B3753002DED70 /* LeaderboardCell.xib */; };
		D4A69770226400DA00ECC0A8 /* LeaderboardCell.swift in Sources */ = {isa = PBXBuildFile; fileRef = D4B4E881223B3753002DED70 /* LeaderboardCell.swift */; };
		D4A69771226400E800ECC0A8 /* AchievementHeaderCell.swift in Sources */ = {isa = PBXBuildFile; fileRef = D4B4E884223B3753002DED70 /* AchievementHeaderCell.swift */; };
		D4A69772226400E800ECC0A8 /* AchievementHeaderCell.xib in Resources */ = {isa = PBXBuildFile; fileRef = D4B4E885223B3753002DED70 /* AchievementHeaderCell.xib */; };
		D4A69775226400F200ECC0A8 /* ProgressBar.xib in Resources */ = {isa = PBXBuildFile; fileRef = D4B4E88A223B3754002DED70 /* ProgressBar.xib */; };
		D4A697762264010000ECC0A8 /* ItemRedeemedModal.swift in Sources */ = {isa = PBXBuildFile; fileRef = D4B4E88B223B3754002DED70 /* ItemRedeemedModal.swift */; };
		D4A697772264010800ECC0A8 /* ProgessBarView.swift in Sources */ = {isa = PBXBuildFile; fileRef = D4B4E88E223B3754002DED70 /* ProgessBarView.swift */; };
		D4A697782264010C00ECC0A8 /* ItemRedeemedModal.xib in Resources */ = {isa = PBXBuildFile; fileRef = D4B4E88F223B3754002DED70 /* ItemRedeemedModal.xib */; };
		D4A69779226409D700ECC0A8 /* AchievementDetailsViewController.swift in Sources */ = {isa = PBXBuildFile; fileRef = D4B4E872223B3751002DED70 /* AchievementDetailsViewController.swift */; };
		D4A6977B226411D100ECC0A8 /* GiveKudosViewController.swift in Sources */ = {isa = PBXBuildFile; fileRef = D4B4E874223B3751002DED70 /* GiveKudosViewController.swift */; };
		D4A6977D226411DF00ECC0A8 /* MyKudosViewController.swift in Sources */ = {isa = PBXBuildFile; fileRef = D4B4E876223B3751002DED70 /* MyKudosViewController.swift */; };
		D4A6977E226411DF00ECC0A8 /* LeaderboardTableViewController.swift in Sources */ = {isa = PBXBuildFile; fileRef = D4B4E877223B3751002DED70 /* LeaderboardTableViewController.swift */; };
		D4A6977F226411DF00ECC0A8 /* LeaderboardViewController.swift in Sources */ = {isa = PBXBuildFile; fileRef = D4B4E878223B3751002DED70 /* LeaderboardViewController.swift */; };
		D4A697822264123C00ECC0A8 /* AccommodatesKeyboardBehavior.swift in Sources */ = {isa = PBXBuildFile; fileRef = D4A697812264123C00ECC0A8 /* AccommodatesKeyboardBehavior.swift */; };
		D4AE68792242A5F200A3FB25 /* VillageCore.framework in Frameworks */ = {isa = PBXBuildFile; fileRef = D4AE68782242A5F200A3FB25 /* VillageCore.framework */; };
		D4B4E853223AE980002DED70 /* PeopleViewController.swift in Sources */ = {isa = PBXBuildFile; fileRef = D4B4E848223AE980002DED70 /* PeopleViewController.swift */; };
		D4B4E858223AE980002DED70 /* Directory.storyboard in Resources */ = {isa = PBXBuildFile; fileRef = D4B4E84E223AE980002DED70 /* Directory.storyboard */; };
		D4B4E859223AE980002DED70 /* ContactPersonTableViewCell.swift in Sources */ = {isa = PBXBuildFile; fileRef = D4B4E850223AE980002DED70 /* ContactPersonTableViewCell.swift */; };
		D4B4E85A223AE980002DED70 /* PersonTableViewCell.swift in Sources */ = {isa = PBXBuildFile; fileRef = D4B4E851223AE980002DED70 /* PersonTableViewCell.swift */; };
		D4B4E85E223AF3AE002DED70 /* UIColor+Named.swift in Sources */ = {isa = PBXBuildFile; fileRef = D4B4E85D223AF3AE002DED70 /* UIColor+Named.swift */; };
		D4B4E861223AFEF7002DED70 /* PersonProfileViewController.swift in Sources */ = {isa = PBXBuildFile; fileRef = D4B4E84C223AE980002DED70 /* PersonProfileViewController.swift */; };
		D4B4E862223AFF22002DED70 /* InvitePersonController.swift in Sources */ = {isa = PBXBuildFile; fileRef = D4B4E847223AE980002DED70 /* InvitePersonController.swift */; };
		D4B4E863223AFFD6002DED70 /* PersonProfileHeaderViewController.swift in Sources */ = {isa = PBXBuildFile; fileRef = D4B4E84D223AE980002DED70 /* PersonProfileHeaderViewController.swift */; };
		D4B4E864223AFFF6002DED70 /* ContactPersonViewController.swift in Sources */ = {isa = PBXBuildFile; fileRef = D4B4E84A223AE980002DED70 /* ContactPersonViewController.swift */; };
		D4B4E868223B241C002DED70 /* UIAlertController+Utilities.swift in Sources */ = {isa = PBXBuildFile; fileRef = D4B4E867223B241C002DED70 /* UIAlertController+Utilities.swift */; };
		D4B4E869223B281E002DED70 /* ProfileBottomContainerViewController.swift in Sources */ = {isa = PBXBuildFile; fileRef = D4B4E84B223AE980002DED70 /* ProfileBottomContainerViewController.swift */; };
		D4B4E86D223B355B002DED70 /* TabItem.xib in Resources */ = {isa = PBXBuildFile; fileRef = D4B4E86B223B355A002DED70 /* TabItem.xib */; };
		D4B4E86E223B355B002DED70 /* TabItemView.swift in Sources */ = {isa = PBXBuildFile; fileRef = D4B4E86C223B355A002DED70 /* TabItemView.swift */; };
		D4B4E890223B3763002DED70 /* KudosListController.swift in Sources */ = {isa = PBXBuildFile; fileRef = D4B4E871223B3751002DED70 /* KudosListController.swift */; };
		D4B4E891223B37B0002DED70 /* MyAchievementsViewController.swift in Sources */ = {isa = PBXBuildFile; fileRef = D4B4E87A223B3751002DED70 /* MyAchievementsViewController.swift */; };
		D4B4E893223B3971002DED70 /* ParentScrollView.swift in Sources */ = {isa = PBXBuildFile; fileRef = D4B4E892223B3971002DED70 /* ParentScrollView.swift */; };
		D4B4E896223B3D0E002DED70 /* AchievementCollectionViewCell.swift in Sources */ = {isa = PBXBuildFile; fileRef = D4B4E882223B3753002DED70 /* AchievementCollectionViewCell.swift */; };
		D4B4E897223B3D0E002DED70 /* AchievementCollectionViewCell.xib in Resources */ = {isa = PBXBuildFile; fileRef = D4B4E886223B3753002DED70 /* AchievementCollectionViewCell.xib */; };
		D4B4E899223B3E5E002DED70 /* AchievementImageView.swift in Sources */ = {isa = PBXBuildFile; fileRef = D4B4E88C223B3754002DED70 /* AchievementImageView.swift */; };
		D4B4E89A223B3E5E002DED70 /* AchievementImage.xib in Resources */ = {isa = PBXBuildFile; fileRef = D4B4E88D223B3754002DED70 /* AchievementImage.xib */; };
		D4C037F0226942D200BA7D9D /* UINavigationController+BarStyle.swift in Sources */ = {isa = PBXBuildFile; fileRef = D4C037EF226942D200BA7D9D /* UINavigationController+BarStyle.swift */; };
		D4CC29B1220756D60091BEFB /* VillageCoreUI.h in Headers */ = {isa = PBXBuildFile; fileRef = D4CC29AF220756D60091BEFB /* VillageCoreUI.h */; settings = {ATTRIBUTES = (Public, ); }; };
		D4CEAE84225FFCCB00A215E4 /* ContentLibraryCell.swift in Sources */ = {isa = PBXBuildFile; fileRef = D4CEAE7F225FFCCB00A215E4 /* ContentLibraryCell.swift */; };
		D4CEAE87225FFCCB00A215E4 /* ContentLibrary.storyboard in Resources */ = {isa = PBXBuildFile; fileRef = D4CEAE83225FFCCB00A215E4 /* ContentLibrary.storyboard */; };
		D4CEAE8A226000AB00A215E4 /* ViewControllerLifecycleBehavior.swift in Sources */ = {isa = PBXBuildFile; fileRef = D4CEAE89226000AB00A215E4 /* ViewControllerLifecycleBehavior.swift */; };
		D4D31169226F5243006C3C3F /* NibView.swift in Sources */ = {isa = PBXBuildFile; fileRef = D4D31168226F5243006C3C3F /* NibView.swift */; };
		D4D3116C226F53BE006C3C3F /* GroupMenuItem.swift in Sources */ = {isa = PBXBuildFile; fileRef = D4D3116B226F53BE006C3C3F /* GroupMenuItem.swift */; };
		D4D3116E226F53C8006C3C3F /* GroupMenuItem.xib in Resources */ = {isa = PBXBuildFile; fileRef = D4D3116D226F53C8006C3C3F /* GroupMenuItem.xib */; };
		D4D688CD22600BE800DF90D4 /* ContentLibraryViewController.swift in Sources */ = {isa = PBXBuildFile; fileRef = D4CEAE81225FFCCB00A215E4 /* ContentLibraryViewController.swift */; };
		D4F8A57122109B26005FDB6A /* UIViewController+SimpleTransition.swift in Sources */ = {isa = PBXBuildFile; fileRef = D4F8A57022109B26005FDB6A /* UIViewController+SimpleTransition.swift */; };
		D4F8A57522109E31005FDB6A /* LoginIdentityViewController.swift in Sources */ = {isa = PBXBuildFile; fileRef = D4F8A57422109E31005FDB6A /* LoginIdentityViewController.swift */; };
		D4F8A57722109E55005FDB6A /* LoginIdentityViewController.storyboard in Resources */ = {isa = PBXBuildFile; fileRef = D4F8A57622109E55005FDB6A /* LoginIdentityViewController.storyboard */; };
		D4F8A57B22109FAF005FDB6A /* SideMenuController.swift in Sources */ = {isa = PBXBuildFile; fileRef = D4F8A57A22109FAF005FDB6A /* SideMenuController.swift */; };
		D4F8A57D22109FDA005FDB6A /* SideMenuControllerDelegate.swift in Sources */ = {isa = PBXBuildFile; fileRef = D4F8A57C22109FDA005FDB6A /* SideMenuControllerDelegate.swift */; };
		D4F8A57F22109FE8005FDB6A /* UIViewController+SideMenuController.swift in Sources */ = {isa = PBXBuildFile; fileRef = D4F8A57E22109FE8005FDB6A /* UIViewController+SideMenuController.swift */; };
		D4F8A5822210A1DC005FDB6A /* HomeViewController.swift in Sources */ = {isa = PBXBuildFile; fileRef = D4F8A5812210A1DC005FDB6A /* HomeViewController.swift */; };
		D4F8A5842210A1F8005FDB6A /* HomeViewController.storyboard in Resources */ = {isa = PBXBuildFile; fileRef = D4F8A5832210A1F8005FDB6A /* HomeViewController.storyboard */; };
		D4F8A5862210A267005FDB6A /* MainMenuViewController.swift in Sources */ = {isa = PBXBuildFile; fileRef = D4F8A5852210A267005FDB6A /* MainMenuViewController.swift */; };
		D4F8A5882210A274005FDB6A /* MainMenuViewController.storyboard in Resources */ = {isa = PBXBuildFile; fileRef = D4F8A5872210A274005FDB6A /* MainMenuViewController.storyboard */; };
		D4F8A5922210B6DE005FDB6A /* proximanova-sbolditalic-webfont.ttf in Resources */ = {isa = PBXBuildFile; fileRef = D4F8A58A2210B6DE005FDB6A /* proximanova-sbolditalic-webfont.ttf */; };
		D4F8A5932210B6DE005FDB6A /* proximanova-light-webfont.ttf in Resources */ = {isa = PBXBuildFile; fileRef = D4F8A58B2210B6DE005FDB6A /* proximanova-light-webfont.ttf */; };
		D4F8A5942210B6DE005FDB6A /* proximanova-black-webfont.ttf in Resources */ = {isa = PBXBuildFile; fileRef = D4F8A58C2210B6DE005FDB6A /* proximanova-black-webfont.ttf */; };
		D4F8A5952210B6DE005FDB6A /* proximanova-reg-webfont.ttf in Resources */ = {isa = PBXBuildFile; fileRef = D4F8A58D2210B6DE005FDB6A /* proximanova-reg-webfont.ttf */; };
		D4F8A5962210B6DE005FDB6A /* proximanova-extrabold-webfont.ttf in Resources */ = {isa = PBXBuildFile; fileRef = D4F8A58E2210B6DE005FDB6A /* proximanova-extrabold-webfont.ttf */; };
		D4F8A5972210B6DE005FDB6A /* proximanova-lightitalic-webfont.ttf in Resources */ = {isa = PBXBuildFile; fileRef = D4F8A58F2210B6DE005FDB6A /* proximanova-lightitalic-webfont.ttf */; };
		D4F8A5982210B6DE005FDB6A /* proximanova-regitalic-webfont.ttf in Resources */ = {isa = PBXBuildFile; fileRef = D4F8A5902210B6DE005FDB6A /* proximanova-regitalic-webfont.ttf */; };
		D4F8A5992210B6DE005FDB6A /* proximanova-sbold-webfont.ttf in Resources */ = {isa = PBXBuildFile; fileRef = D4F8A5912210B6DE005FDB6A /* proximanova-sbold-webfont.ttf */; };
		D4F8A59C2210D556005FDB6A /* KeyboardAwareScrollView.swift in Sources */ = {isa = PBXBuildFile; fileRef = D4F8A59B2210D556005FDB6A /* KeyboardAwareScrollView.swift */; };
/* End PBXBuildFile section */

/* Begin PBXFileReference section */
		08CA969EBAEF01C869F0AEDC /* Pods_VillageCoreUI.framework */ = {isa = PBXFileReference; explicitFileType = wrapper.framework; includeInIndex = 0; path = Pods_VillageCoreUI.framework; sourceTree = BUILT_PRODUCTS_DIR; };
		D411BC332247B3EE003D2F08 /* SettingsController.swift */ = {isa = PBXFileReference; fileEncoding = 4; lastKnownFileType = sourcecode.swift; path = SettingsController.swift; sourceTree = "<group>"; };
		D411BC342247B3EE003D2F08 /* EditSettingsController.swift */ = {isa = PBXFileReference; fileEncoding = 4; lastKnownFileType = sourcecode.swift; path = EditSettingsController.swift; sourceTree = "<group>"; };
		D411BC352247B3EE003D2F08 /* UserSettingsHeaderController.swift */ = {isa = PBXFileReference; fileEncoding = 4; lastKnownFileType = sourcecode.swift; path = UserSettingsHeaderController.swift; sourceTree = "<group>"; };
		D411BC372247B3EE003D2F08 /* UserSettingsInfoCell.swift */ = {isa = PBXFileReference; fileEncoding = 4; lastKnownFileType = sourcecode.swift; path = UserSettingsInfoCell.swift; sourceTree = "<group>"; };
		D411BC382247B3EE003D2F08 /* UserSettingsSwitchCell.swift */ = {isa = PBXFileReference; fileEncoding = 4; lastKnownFileType = sourcecode.swift; path = UserSettingsSwitchCell.swift; sourceTree = "<group>"; };
		D411BC392247B3EE003D2F08 /* UserSettingsGenericCell.swift */ = {isa = PBXFileReference; fileEncoding = 4; lastKnownFileType = sourcecode.swift; path = UserSettingsGenericCell.swift; sourceTree = "<group>"; };
		D411BC3A2247B3EE003D2F08 /* UserSettings.storyboard */ = {isa = PBXFileReference; fileEncoding = 4; lastKnownFileType = file.storyboard; path = UserSettings.storyboard; sourceTree = "<group>"; };
		D411BC422247E687003D2F08 /* ProgressIndicator.swift */ = {isa = PBXFileReference; lastKnownFileType = sourcecode.swift; path = ProgressIndicator.swift; sourceTree = "<group>"; };
		D411BC442247F807003D2F08 /* UIImage+Rotation.swift */ = {isa = PBXFileReference; lastKnownFileType = sourcecode.swift; path = "UIImage+Rotation.swift"; sourceTree = "<group>"; };
		D411BC462247F844003D2F08 /* UIImage+Scaling.swift */ = {isa = PBXFileReference; lastKnownFileType = sourcecode.swift; path = "UIImage+Scaling.swift"; sourceTree = "<group>"; };
		D4164B702268011A0025E6E9 /* PersonCell.swift */ = {isa = PBXFileReference; fileEncoding = 4; lastKnownFileType = sourcecode.swift; path = PersonCell.swift; sourceTree = "<group>"; };
		D4164B712268011A0025E6E9 /* PersonCell.xib */ = {isa = PBXFileReference; fileEncoding = 4; lastKnownFileType = file.xib; path = PersonCell.xib; sourceTree = "<group>"; };
		D4164B732268011A0025E6E9 /* SelectPeopleViewController.swift */ = {isa = PBXFileReference; fileEncoding = 4; lastKnownFileType = sourcecode.swift; path = SelectPeopleViewController.swift; sourceTree = "<group>"; };
		D4164B79226801660025E6E9 /* PersonLabel.swift */ = {isa = PBXFileReference; fileEncoding = 4; lastKnownFileType = sourcecode.swift; path = PersonLabel.swift; sourceTree = "<group>"; };
		D4164B7B226802570025E6E9 /* PersonSearchViewController.swift */ = {isa = PBXFileReference; fileEncoding = 4; lastKnownFileType = sourcecode.swift; path = PersonSearchViewController.swift; sourceTree = "<group>"; };
		D42FE5C122411E1700B46C8F /* SendEmailTokenViewController.swift */ = {isa = PBXFileReference; lastKnownFileType = sourcecode.swift; path = SendEmailTokenViewController.swift; sourceTree = "<group>"; };
		D42FE5C322411E2000B46C8F /* SendEmailTokenViewController.storyboard */ = {isa = PBXFileReference; lastKnownFileType = file.storyboard; path = SendEmailTokenViewController.storyboard; sourceTree = "<group>"; };
		D43663C12229ACA9006354F2 /* LoginPasswordViewController.storyboard */ = {isa = PBXFileReference; fileEncoding = 4; lastKnownFileType = file.storyboard; path = LoginPasswordViewController.storyboard; sourceTree = "<group>"; };
		D43663C22229ACA9006354F2 /* LoginPasswordViewController.swift */ = {isa = PBXFileReference; fileEncoding = 4; lastKnownFileType = sourcecode.swift; path = LoginPasswordViewController.swift; sourceTree = "<group>"; };
		D43663C62229BBC8006354F2 /* UIViewController+NavigationBar.swift */ = {isa = PBXFileReference; lastKnownFileType = sourcecode.swift; path = "UIViewController+NavigationBar.swift"; sourceTree = "<group>"; };
		D43663CC222A13F1006354F2 /* ForgotPasswordViewController.storyboard */ = {isa = PBXFileReference; fileEncoding = 4; lastKnownFileType = file.storyboard; path = ForgotPasswordViewController.storyboard; sourceTree = "<group>"; };
		D43663CD222A13F2006354F2 /* ForgotPasswordViewController.swift */ = {isa = PBXFileReference; fileEncoding = 4; lastKnownFileType = sourcecode.swift; path = ForgotPasswordViewController.swift; sourceTree = "<group>"; };
		D43663D1222A24BE006354F2 /* UIButton+Loading.swift */ = {isa = PBXFileReference; lastKnownFileType = sourcecode.swift; path = "UIButton+Loading.swift"; sourceTree = "<group>"; };
		D43663D7222C4E37006354F2 /* CurrentUserViewController.swift */ = {isa = PBXFileReference; lastKnownFileType = sourcecode.swift; path = CurrentUserViewController.swift; sourceTree = "<group>"; };
		D44B5F06222970BB00941CCE /* TintedTextField.swift */ = {isa = PBXFileReference; fileEncoding = 4; lastKnownFileType = sourcecode.swift; path = TintedTextField.swift; sourceTree = "<group>"; };
		D460B811224AC433003DCA2C /* NewsCell.swift */ = {isa = PBXFileReference; fileEncoding = 4; lastKnownFileType = sourcecode.swift; path = NewsCell.swift; sourceTree = "<group>"; };
		D460B812224AC433003DCA2C /* NoticeCell.swift */ = {isa = PBXFileReference; fileEncoding = 4; lastKnownFileType = sourcecode.swift; path = NoticeCell.swift; sourceTree = "<group>"; };
		D460B813224AC433003DCA2C /* NoticeAcknowledgementCell.swift */ = {isa = PBXFileReference; fileEncoding = 4; lastKnownFileType = sourcecode.swift; path = NoticeAcknowledgementCell.swift; sourceTree = "<group>"; };
		D460B815224AC433003DCA2C /* ViewNoticeViewController.swift */ = {isa = PBXFileReference; fileEncoding = 4; lastKnownFileType = sourcecode.swift; path = ViewNoticeViewController.swift; sourceTree = "<group>"; };
		D460B816224AC433003DCA2C /* NoticeAcknowledgementsViewController.swift */ = {isa = PBXFileReference; fileEncoding = 4; lastKnownFileType = sourcecode.swift; path = NoticeAcknowledgementsViewController.swift; sourceTree = "<group>"; };
		D460B817224AC433003DCA2C /* CreateNoticeViewController.swift */ = {isa = PBXFileReference; fileEncoding = 4; lastKnownFileType = sourcecode.swift; path = CreateNoticeViewController.swift; sourceTree = "<group>"; };
		D460B818224AC433003DCA2C /* NoticeListViewController.swift */ = {isa = PBXFileReference; fileEncoding = 4; lastKnownFileType = sourcecode.swift; path = NoticeListViewController.swift; sourceTree = "<group>"; };
		D460B819224AC434003DCA2C /* Notices.storyboard */ = {isa = PBXFileReference; fileEncoding = 4; lastKnownFileType = file.storyboard; path = Notices.storyboard; sourceTree = "<group>"; };
		D46724EF2248160B00F4D7E5 /* Bundle+Version.swift */ = {isa = PBXFileReference; lastKnownFileType = sourcecode.swift; name = "Bundle+Version.swift"; path = "../../../VillageCore/Source/Extensions/Bundle+Version.swift"; sourceTree = "<group>"; };
		D479D2FC224AE87000AFB3DA /* IndentedTextField.swift */ = {isa = PBXFileReference; lastKnownFileType = sourcecode.swift; path = IndentedTextField.swift; sourceTree = "<group>"; };
		D47FD3F8220FB74B00376D31 /* Assets.xcassets */ = {isa = PBXFileReference; lastKnownFileType = folder.assetcatalog; path = Assets.xcassets; sourceTree = "<group>"; };
		D47FD3FE220FBD4700376D31 /* Constants.swift */ = {isa = PBXFileReference; fileEncoding = 4; lastKnownFileType = sourcecode.swift; path = Constants.swift; sourceTree = "<group>"; };
		D47FD401220FC08700376D31 /* Image+Named.swift */ = {isa = PBXFileReference; lastKnownFileType = sourcecode.swift; path = "Image+Named.swift"; sourceTree = "<group>"; };
		D4984E9F223E83E700793CFE /* StatefulUserInterface.swift */ = {isa = PBXFileReference; lastKnownFileType = sourcecode.swift; path = StatefulUserInterface.swift; sourceTree = "<group>"; };
		D4A697812264123C00ECC0A8 /* AccommodatesKeyboardBehavior.swift */ = {isa = PBXFileReference; lastKnownFileType = sourcecode.swift; path = AccommodatesKeyboardBehavior.swift; sourceTree = "<group>"; };
		D4AE68782242A5F200A3FB25 /* VillageCore.framework */ = {isa = PBXFileReference; explicitFileType = wrapper.framework; path = VillageCore.framework; sourceTree = BUILT_PRODUCTS_DIR; };
		D4B4E847223AE980002DED70 /* InvitePersonController.swift */ = {isa = PBXFileReference; fileEncoding = 4; lastKnownFileType = sourcecode.swift; path = InvitePersonController.swift; sourceTree = "<group>"; };
		D4B4E848223AE980002DED70 /* PeopleViewController.swift */ = {isa = PBXFileReference; fileEncoding = 4; lastKnownFileType = sourcecode.swift; path = PeopleViewController.swift; sourceTree = "<group>"; };
		D4B4E84A223AE980002DED70 /* ContactPersonViewController.swift */ = {isa = PBXFileReference; fileEncoding = 4; lastKnownFileType = sourcecode.swift; path = ContactPersonViewController.swift; sourceTree = "<group>"; };
		D4B4E84B223AE980002DED70 /* ProfileBottomContainerViewController.swift */ = {isa = PBXFileReference; fileEncoding = 4; lastKnownFileType = sourcecode.swift; path = ProfileBottomContainerViewController.swift; sourceTree = "<group>"; };
		D4B4E84C223AE980002DED70 /* PersonProfileViewController.swift */ = {isa = PBXFileReference; fileEncoding = 4; lastKnownFileType = sourcecode.swift; path = PersonProfileViewController.swift; sourceTree = "<group>"; };
		D4B4E84D223AE980002DED70 /* PersonProfileHeaderViewController.swift */ = {isa = PBXFileReference; fileEncoding = 4; lastKnownFileType = sourcecode.swift; path = PersonProfileHeaderViewController.swift; sourceTree = "<group>"; };
		D4B4E84E223AE980002DED70 /* Directory.storyboard */ = {isa = PBXFileReference; fileEncoding = 4; lastKnownFileType = file.storyboard; path = Directory.storyboard; sourceTree = "<group>"; };
		D4B4E850223AE980002DED70 /* ContactPersonTableViewCell.swift */ = {isa = PBXFileReference; fileEncoding = 4; lastKnownFileType = sourcecode.swift; path = ContactPersonTableViewCell.swift; sourceTree = "<group>"; };
		D4B4E851223AE980002DED70 /* PersonTableViewCell.swift */ = {isa = PBXFileReference; fileEncoding = 4; lastKnownFileType = sourcecode.swift; path = PersonTableViewCell.swift; sourceTree = "<group>"; };
		D4B4E85D223AF3AE002DED70 /* UIColor+Named.swift */ = {isa = PBXFileReference; lastKnownFileType = sourcecode.swift; path = "UIColor+Named.swift"; sourceTree = "<group>"; };
		D4B4E867223B241C002DED70 /* UIAlertController+Utilities.swift */ = {isa = PBXFileReference; lastKnownFileType = sourcecode.swift; path = "UIAlertController+Utilities.swift"; sourceTree = "<group>"; };
		D4B4E86B223B355A002DED70 /* TabItem.xib */ = {isa = PBXFileReference; fileEncoding = 4; lastKnownFileType = file.xib; path = TabItem.xib; sourceTree = "<group>"; };
		D4B4E86C223B355A002DED70 /* TabItemView.swift */ = {isa = PBXFileReference; fileEncoding = 4; lastKnownFileType = sourcecode.swift; path = TabItemView.swift; sourceTree = "<group>"; };
		D4B4E871223B3751002DED70 /* KudosListController.swift */ = {isa = PBXFileReference; lastKnownFileType = sourcecode.swift; path = KudosListController.swift; sourceTree = "<group>"; };
		D4B4E872223B3751002DED70 /* AchievementDetailsViewController.swift */ = {isa = PBXFileReference; lastKnownFileType = sourcecode.swift; path = AchievementDetailsViewController.swift; sourceTree = "<group>"; };
		D4B4E874223B3751002DED70 /* GiveKudosViewController.swift */ = {isa = PBXFileReference; lastKnownFileType = sourcecode.swift; path = GiveKudosViewController.swift; sourceTree = "<group>"; };
		D4B4E876223B3751002DED70 /* MyKudosViewController.swift */ = {isa = PBXFileReference; lastKnownFileType = sourcecode.swift; path = MyKudosViewController.swift; sourceTree = "<group>"; };
		D4B4E877223B3751002DED70 /* LeaderboardTableViewController.swift */ = {isa = PBXFileReference; lastKnownFileType = sourcecode.swift; path = LeaderboardTableViewController.swift; sourceTree = "<group>"; };
		D4B4E878223B3751002DED70 /* LeaderboardViewController.swift */ = {isa = PBXFileReference; lastKnownFileType = sourcecode.swift; path = LeaderboardViewController.swift; sourceTree = "<group>"; };
		D4B4E87A223B3751002DED70 /* MyAchievementsViewController.swift */ = {isa = PBXFileReference; lastKnownFileType = sourcecode.swift; path = MyAchievementsViewController.swift; sourceTree = "<group>"; };
		D4B4E87B223B3752002DED70 /* Kudos.storyboard */ = {isa = PBXFileReference; lastKnownFileType = file.storyboard; path = Kudos.storyboard; sourceTree = "<group>"; };
		D4B4E87D223B3753002DED70 /* LeaderboardCell.xib */ = {isa = PBXFileReference; lastKnownFileType = file.xib; path = LeaderboardCell.xib; sourceTree = "<group>"; };
		D4B4E880223B3753002DED70 /* KudoCell.swift */ = {isa = PBXFileReference; lastKnownFileType = sourcecode.swift; path = KudoCell.swift; sourceTree = "<group>"; };
		D4B4E881223B3753002DED70 /* LeaderboardCell.swift */ = {isa = PBXFileReference; lastKnownFileType = sourcecode.swift; path = LeaderboardCell.swift; sourceTree = "<group>"; };
		D4B4E882223B3753002DED70 /* AchievementCollectionViewCell.swift */ = {isa = PBXFileReference; lastKnownFileType = sourcecode.swift; path = AchievementCollectionViewCell.swift; sourceTree = "<group>"; };
		D4B4E883223B3753002DED70 /* KudoCell.xib */ = {isa = PBXFileReference; lastKnownFileType = file.xib; path = KudoCell.xib; sourceTree = "<group>"; };
		D4B4E884223B3753002DED70 /* AchievementHeaderCell.swift */ = {isa = PBXFileReference; lastKnownFileType = sourcecode.swift; path = AchievementHeaderCell.swift; sourceTree = "<group>"; };
		D4B4E885223B3753002DED70 /* AchievementHeaderCell.xib */ = {isa = PBXFileReference; lastKnownFileType = file.xib; path = AchievementHeaderCell.xib; sourceTree = "<group>"; };
		D4B4E886223B3753002DED70 /* AchievementCollectionViewCell.xib */ = {isa = PBXFileReference; lastKnownFileType = file.xib; path = AchievementCollectionViewCell.xib; sourceTree = "<group>"; };
		D4B4E88A223B3754002DED70 /* ProgressBar.xib */ = {isa = PBXFileReference; lastKnownFileType = file.xib; path = ProgressBar.xib; sourceTree = "<group>"; };
		D4B4E88B223B3754002DED70 /* ItemRedeemedModal.swift */ = {isa = PBXFileReference; lastKnownFileType = sourcecode.swift; path = ItemRedeemedModal.swift; sourceTree = "<group>"; };
		D4B4E88C223B3754002DED70 /* AchievementImageView.swift */ = {isa = PBXFileReference; lastKnownFileType = sourcecode.swift; path = AchievementImageView.swift; sourceTree = "<group>"; };
		D4B4E88D223B3754002DED70 /* AchievementImage.xib */ = {isa = PBXFileReference; lastKnownFileType = file.xib; path = AchievementImage.xib; sourceTree = "<group>"; };
		D4B4E88E223B3754002DED70 /* ProgessBarView.swift */ = {isa = PBXFileReference; lastKnownFileType = sourcecode.swift; path = ProgessBarView.swift; sourceTree = "<group>"; };
		D4B4E88F223B3754002DED70 /* ItemRedeemedModal.xib */ = {isa = PBXFileReference; lastKnownFileType = file.xib; path = ItemRedeemedModal.xib; sourceTree = "<group>"; };
		D4B4E892223B3971002DED70 /* ParentScrollView.swift */ = {isa = PBXFileReference; lastKnownFileType = sourcecode.swift; path = ParentScrollView.swift; sourceTree = "<group>"; };
		D4C037EF226942D200BA7D9D /* UINavigationController+BarStyle.swift */ = {isa = PBXFileReference; lastKnownFileType = sourcecode.swift; path = "UINavigationController+BarStyle.swift"; sourceTree = "<group>"; };
		D4CC29AC220756D60091BEFB /* VillageCoreUI.framework */ = {isa = PBXFileReference; explicitFileType = wrapper.framework; includeInIndex = 0; path = VillageCoreUI.framework; sourceTree = BUILT_PRODUCTS_DIR; };
		D4CC29AF220756D60091BEFB /* VillageCoreUI.h */ = {isa = PBXFileReference; lastKnownFileType = sourcecode.c.h; path = VillageCoreUI.h; sourceTree = "<group>"; };
		D4CC29B0220756D60091BEFB /* Info.plist */ = {isa = PBXFileReference; lastKnownFileType = text.plist.xml; path = Info.plist; sourceTree = "<group>"; };
		D4CC29B8220757CC0091BEFB /* VillageContainer.swift */ = {isa = PBXFileReference; lastKnownFileType = sourcecode.swift; path = VillageContainer.swift; sourceTree = "<group>"; };
		D4CC29BA220757DE0091BEFB /* VillageContainer.storyboard */ = {isa = PBXFileReference; lastKnownFileType = file.storyboard; path = VillageContainer.storyboard; sourceTree = "<group>"; };
		D4CEAE7F225FFCCB00A215E4 /* ContentLibraryCell.swift */ = {isa = PBXFileReference; fileEncoding = 4; lastKnownFileType = sourcecode.swift; path = ContentLibraryCell.swift; sourceTree = "<group>"; };
		D4CEAE81225FFCCB00A215E4 /* ContentLibraryViewController.swift */ = {isa = PBXFileReference; fileEncoding = 4; lastKnownFileType = sourcecode.swift; path = ContentLibraryViewController.swift; sourceTree = "<group>"; };
		D4CEAE82225FFCCB00A215E4 /* ContentDetailController.swift */ = {isa = PBXFileReference; fileEncoding = 4; lastKnownFileType = sourcecode.swift; path = ContentDetailController.swift; sourceTree = "<group>"; };
		D4CEAE83225FFCCB00A215E4 /* ContentLibrary.storyboard */ = {isa = PBXFileReference; fileEncoding = 4; lastKnownFileType = file.storyboard; path = ContentLibrary.storyboard; sourceTree = "<group>"; };
		D4CEAE89226000AB00A215E4 /* ViewControllerLifecycleBehavior.swift */ = {isa = PBXFileReference; lastKnownFileType = sourcecode.swift; path = ViewControllerLifecycleBehavior.swift; sourceTree = "<group>"; };
		D4CEAE8C2260018200A215E4 /* LeftBarButtonBehavior.swift */ = {isa = PBXFileReference; lastKnownFileType = sourcecode.swift; path = LeftBarButtonBehavior.swift; sourceTree = "<group>"; };
		D4D31168226F5243006C3C3F /* NibView.swift */ = {isa = PBXFileReference; fileEncoding = 4; lastKnownFileType = sourcecode.swift; path = NibView.swift; sourceTree = "<group>"; };
		D4D3116B226F53BE006C3C3F /* GroupMenuItem.swift */ = {isa = PBXFileReference; lastKnownFileType = sourcecode.swift; path = GroupMenuItem.swift; sourceTree = "<group>"; };
		D4D3116D226F53C8006C3C3F /* GroupMenuItem.xib */ = {isa = PBXFileReference; lastKnownFileType = file.xib; path = GroupMenuItem.xib; sourceTree = "<group>"; };
		D4F8A57022109B26005FDB6A /* UIViewController+SimpleTransition.swift */ = {isa = PBXFileReference; lastKnownFileType = sourcecode.swift; path = "UIViewController+SimpleTransition.swift"; sourceTree = "<group>"; };
		D4F8A57422109E31005FDB6A /* LoginIdentityViewController.swift */ = {isa = PBXFileReference; lastKnownFileType = sourcecode.swift; path = LoginIdentityViewController.swift; sourceTree = "<group>"; };
		D4F8A57622109E55005FDB6A /* LoginIdentityViewController.storyboard */ = {isa = PBXFileReference; lastKnownFileType = file.storyboard; path = LoginIdentityViewController.storyboard; sourceTree = "<group>"; };
		D4F8A57A22109FAF005FDB6A /* SideMenuController.swift */ = {isa = PBXFileReference; lastKnownFileType = sourcecode.swift; path = SideMenuController.swift; sourceTree = "<group>"; };
		D4F8A57C22109FDA005FDB6A /* SideMenuControllerDelegate.swift */ = {isa = PBXFileReference; lastKnownFileType = sourcecode.swift; path = SideMenuControllerDelegate.swift; sourceTree = "<group>"; };
		D4F8A57E22109FE8005FDB6A /* UIViewController+SideMenuController.swift */ = {isa = PBXFileReference; lastKnownFileType = sourcecode.swift; path = "UIViewController+SideMenuController.swift"; sourceTree = "<group>"; };
		D4F8A5812210A1DC005FDB6A /* HomeViewController.swift */ = {isa = PBXFileReference; lastKnownFileType = sourcecode.swift; path = HomeViewController.swift; sourceTree = "<group>"; };
		D4F8A5832210A1F8005FDB6A /* HomeViewController.storyboard */ = {isa = PBXFileReference; lastKnownFileType = file.storyboard; path = HomeViewController.storyboard; sourceTree = "<group>"; };
		D4F8A5852210A267005FDB6A /* MainMenuViewController.swift */ = {isa = PBXFileReference; lastKnownFileType = sourcecode.swift; path = MainMenuViewController.swift; sourceTree = "<group>"; };
		D4F8A5872210A274005FDB6A /* MainMenuViewController.storyboard */ = {isa = PBXFileReference; lastKnownFileType = file.storyboard; path = MainMenuViewController.storyboard; sourceTree = "<group>"; };
		D4F8A58A2210B6DE005FDB6A /* proximanova-sbolditalic-webfont.ttf */ = {isa = PBXFileReference; lastKnownFileType = file; path = "proximanova-sbolditalic-webfont.ttf"; sourceTree = "<group>"; };
		D4F8A58B2210B6DE005FDB6A /* proximanova-light-webfont.ttf */ = {isa = PBXFileReference; lastKnownFileType = file; path = "proximanova-light-webfont.ttf"; sourceTree = "<group>"; };
		D4F8A58C2210B6DE005FDB6A /* proximanova-black-webfont.ttf */ = {isa = PBXFileReference; lastKnownFileType = file; path = "proximanova-black-webfont.ttf"; sourceTree = "<group>"; };
		D4F8A58D2210B6DE005FDB6A /* proximanova-reg-webfont.ttf */ = {isa = PBXFileReference; lastKnownFileType = file; path = "proximanova-reg-webfont.ttf"; sourceTree = "<group>"; };
		D4F8A58E2210B6DE005FDB6A /* proximanova-extrabold-webfont.ttf */ = {isa = PBXFileReference; lastKnownFileType = file; path = "proximanova-extrabold-webfont.ttf"; sourceTree = "<group>"; };
		D4F8A58F2210B6DE005FDB6A /* proximanova-lightitalic-webfont.ttf */ = {isa = PBXFileReference; lastKnownFileType = file; path = "proximanova-lightitalic-webfont.ttf"; sourceTree = "<group>"; };
		D4F8A5902210B6DE005FDB6A /* proximanova-regitalic-webfont.ttf */ = {isa = PBXFileReference; lastKnownFileType = file; path = "proximanova-regitalic-webfont.ttf"; sourceTree = "<group>"; };
		D4F8A5912210B6DE005FDB6A /* proximanova-sbold-webfont.ttf */ = {isa = PBXFileReference; lastKnownFileType = file; path = "proximanova-sbold-webfont.ttf"; sourceTree = "<group>"; };
		D4F8A59B2210D556005FDB6A /* KeyboardAwareScrollView.swift */ = {isa = PBXFileReference; lastKnownFileType = sourcecode.swift; path = KeyboardAwareScrollView.swift; sourceTree = "<group>"; };
		E65A6BC3DE469A31F8B34075 /* Pods-VillageCoreUI.debug.xcconfig */ = {isa = PBXFileReference; includeInIndex = 1; lastKnownFileType = text.xcconfig; name = "Pods-VillageCoreUI.debug.xcconfig"; path = "../../../Pods/Target Support Files/Pods-VillageCoreUI/Pods-VillageCoreUI.debug.xcconfig"; sourceTree = "<group>"; };
		E791F78DD5D7216E0781012C /* Pods-VillageCoreUI.release.xcconfig */ = {isa = PBXFileReference; includeInIndex = 1; lastKnownFileType = text.xcconfig; name = "Pods-VillageCoreUI.release.xcconfig"; path = "../../../Pods/Target Support Files/Pods-VillageCoreUI/Pods-VillageCoreUI.release.xcconfig"; sourceTree = "<group>"; };
/* End PBXFileReference section */

/* Begin PBXFrameworksBuildPhase section */
		D4CC29A9220756D60091BEFB /* Frameworks */ = {
			isa = PBXFrameworksBuildPhase;
			buildActionMask = 2147483647;
			files = (
				D4AE68792242A5F200A3FB25 /* VillageCore.framework in Frameworks */,
				16107B190BA50D2B2CC0D8C4 /* Pods_VillageCoreUI.framework in Frameworks */,
			);
			runOnlyForDeploymentPostprocessing = 0;
		};
/* End PBXFrameworksBuildPhase section */

/* Begin PBXGroup section */
		4C58A5A7FC0B38B7106A2BF9 /* Pods */ = {
			isa = PBXGroup;
			children = (
				E65A6BC3DE469A31F8B34075 /* Pods-VillageCoreUI.debug.xcconfig */,
				E791F78DD5D7216E0781012C /* Pods-VillageCoreUI.release.xcconfig */,
			);
			name = Pods;
			sourceTree = "<group>";
		};
		D411BC312247B37B003D2F08 /* UserSettings */ = {
			isa = PBXGroup;
			children = (
				D411BC362247B3EE003D2F08 /* Cells */,
				D411BC322247B3EE003D2F08 /* Controller */,
				D411BC3A2247B3EE003D2F08 /* UserSettings.storyboard */,
			);
			path = UserSettings;
			sourceTree = "<group>";
		};
		D411BC322247B3EE003D2F08 /* Controller */ = {
			isa = PBXGroup;
			children = (
				D411BC332247B3EE003D2F08 /* SettingsController.swift */,
				D411BC342247B3EE003D2F08 /* EditSettingsController.swift */,
				D411BC352247B3EE003D2F08 /* UserSettingsHeaderController.swift */,
			);
			path = Controller;
			sourceTree = "<group>";
		};
		D411BC362247B3EE003D2F08 /* Cells */ = {
			isa = PBXGroup;
			children = (
				D411BC372247B3EE003D2F08 /* UserSettingsInfoCell.swift */,
				D411BC382247B3EE003D2F08 /* UserSettingsSwitchCell.swift */,
				D411BC392247B3EE003D2F08 /* UserSettingsGenericCell.swift */,
			);
			path = Cells;
			sourceTree = "<group>";
		};
		D4164B6E226800BD0025E6E9 /* Common */ = {
			isa = PBXGroup;
			children = (
				D4164B6F2268011A0025E6E9 /* Cells */,
				D4164B722268011A0025E6E9 /* Controllers */,
			);
			path = Common;
			sourceTree = "<group>";
		};
		D4164B6F2268011A0025E6E9 /* Cells */ = {
			isa = PBXGroup;
			children = (
				D4164B702268011A0025E6E9 /* PersonCell.swift */,
				D4164B712268011A0025E6E9 /* PersonCell.xib */,
			);
			path = Cells;
			sourceTree = "<group>";
		};
		D4164B722268011A0025E6E9 /* Controllers */ = {
			isa = PBXGroup;
			children = (
				D4164B7B226802570025E6E9 /* PersonSearchViewController.swift */,
				D4164B732268011A0025E6E9 /* SelectPeopleViewController.swift */,
			);
			path = Controllers;
			sourceTree = "<group>";
		};
		D460B80F224AC41E003DCA2C /* Notices */ = {
			isa = PBXGroup;
			children = (
				D460B810224AC433003DCA2C /* Cells */,
				D460B814224AC433003DCA2C /* Controllers */,
				D460B819224AC434003DCA2C /* Notices.storyboard */,
			);
			path = Notices;
			sourceTree = "<group>";
		};
		D460B810224AC433003DCA2C /* Cells */ = {
			isa = PBXGroup;
			children = (
				D460B811224AC433003DCA2C /* NewsCell.swift */,
				D460B812224AC433003DCA2C /* NoticeCell.swift */,
				D460B813224AC433003DCA2C /* NoticeAcknowledgementCell.swift */,
			);
			path = Cells;
			sourceTree = "<group>";
		};
		D460B814224AC433003DCA2C /* Controllers */ = {
			isa = PBXGroup;
			children = (
				D460B815224AC433003DCA2C /* ViewNoticeViewController.swift */,
				D460B816224AC433003DCA2C /* NoticeAcknowledgementsViewController.swift */,
				D460B817224AC433003DCA2C /* CreateNoticeViewController.swift */,
				D460B818224AC433003DCA2C /* NoticeListViewController.swift */,
			);
			path = Controllers;
			sourceTree = "<group>";
		};
		D47FD400220FC05500376D31 /* Extensions */ = {
			isa = PBXGroup;
			children = (
				D47FD401220FC08700376D31 /* Image+Named.swift */,
				D411BC442247F807003D2F08 /* UIImage+Rotation.swift */,
				D411BC462247F844003D2F08 /* UIImage+Scaling.swift */,
				D4F8A57022109B26005FDB6A /* UIViewController+SimpleTransition.swift */,
				D43663C62229BBC8006354F2 /* UIViewController+NavigationBar.swift */,
				D43663D1222A24BE006354F2 /* UIButton+Loading.swift */,
				D4B4E85D223AF3AE002DED70 /* UIColor+Named.swift */,
				D4B4E867223B241C002DED70 /* UIAlertController+Utilities.swift */,
				D46724EF2248160B00F4D7E5 /* Bundle+Version.swift */,
				D4C037EF226942D200BA7D9D /* UINavigationController+BarStyle.swift */,
			);
			path = Extensions;
			sourceTree = "<group>";
		};
		D4B4E843223AE7BE002DED70 /* Foundation */ = {
			isa = PBXGroup;
			children = (
				D4F8A57322109DE2005FDB6A /* Authentication */,
				D4F8A5802210A1CB005FDB6A /* Home */,
				D411BC312247B37B003D2F08 /* UserSettings */,
			);
			path = Foundation;
			sourceTree = "<group>";
		};
		D4B4E844223AE7CE002DED70 /* Directory */ = {
			isa = PBXGroup;
			children = (
				D4B4E84E223AE980002DED70 /* Directory.storyboard */,
				D4B4E84F223AE980002DED70 /* Cells */,
				D4B4E845223AE980002DED70 /* Controllers */,
			);
			path = Directory;
			sourceTree = "<group>";
		};
		D4B4E845223AE980002DED70 /* Controllers */ = {
			isa = PBXGroup;
			children = (
				D4B4E846223AE980002DED70 /* Listings */,
				D4B4E849223AE980002DED70 /* Profile */,
			);
			path = Controllers;
			sourceTree = "<group>";
		};
		D4B4E846223AE980002DED70 /* Listings */ = {
			isa = PBXGroup;
			children = (
				D4B4E847223AE980002DED70 /* InvitePersonController.swift */,
				D4B4E848223AE980002DED70 /* PeopleViewController.swift */,
			);
			path = Listings;
			sourceTree = "<group>";
		};
		D4B4E849223AE980002DED70 /* Profile */ = {
			isa = PBXGroup;
			children = (
				D4B4E84A223AE980002DED70 /* ContactPersonViewController.swift */,
				D4B4E84B223AE980002DED70 /* ProfileBottomContainerViewController.swift */,
				D4B4E84C223AE980002DED70 /* PersonProfileViewController.swift */,
				D4B4E84D223AE980002DED70 /* PersonProfileHeaderViewController.swift */,
			);
			path = Profile;
			sourceTree = "<group>";
		};
		D4B4E84F223AE980002DED70 /* Cells */ = {
			isa = PBXGroup;
			children = (
				D4B4E850223AE980002DED70 /* ContactPersonTableViewCell.swift */,
				D4B4E851223AE980002DED70 /* PersonTableViewCell.swift */,
			);
			path = Cells;
			sourceTree = "<group>";
		};
		D4B4E86A223B3524002DED70 /* TabItemView */ = {
			isa = PBXGroup;
			children = (
				D4B4E86B223B355A002DED70 /* TabItem.xib */,
				D4B4E86C223B355A002DED70 /* TabItemView.swift */,
			);
			path = TabItemView;
			sourceTree = "<group>";
		};
		D4B4E86F223B370B002DED70 /* Kudos */ = {
			isa = PBXGroup;
			children = (
				D4B4E87B223B3752002DED70 /* Kudos.storyboard */,
				D4B4E87C223B3753002DED70 /* Cells */,
				D4B4E870223B3751002DED70 /* Controllers */,
				D4B4E889223B3754002DED70 /* Views */,
			);
			path = Kudos;
			sourceTree = "<group>";
		};
		D4B4E870223B3751002DED70 /* Controllers */ = {
			isa = PBXGroup;
			children = (
				D4B4E871223B3751002DED70 /* KudosListController.swift */,
				D4B4E872223B3751002DED70 /* AchievementDetailsViewController.swift */,
				D4B4E874223B3751002DED70 /* GiveKudosViewController.swift */,
				D4B4E876223B3751002DED70 /* MyKudosViewController.swift */,
				D4B4E877223B3751002DED70 /* LeaderboardTableViewController.swift */,
				D4B4E878223B3751002DED70 /* LeaderboardViewController.swift */,
				D4B4E87A223B3751002DED70 /* MyAchievementsViewController.swift */,
			);
			path = Controllers;
			sourceTree = "<group>";
		};
		D4B4E87C223B3753002DED70 /* Cells */ = {
			isa = PBXGroup;
			children = (
				D4B4E87D223B3753002DED70 /* LeaderboardCell.xib */,
				D4B4E880223B3753002DED70 /* KudoCell.swift */,
				D4B4E881223B3753002DED70 /* LeaderboardCell.swift */,
				D4B4E882223B3753002DED70 /* AchievementCollectionViewCell.swift */,
				D4B4E886223B3753002DED70 /* AchievementCollectionViewCell.xib */,
				D4B4E883223B3753002DED70 /* KudoCell.xib */,
				D4B4E884223B3753002DED70 /* AchievementHeaderCell.swift */,
				D4B4E885223B3753002DED70 /* AchievementHeaderCell.xib */,
			);
			path = Cells;
			sourceTree = "<group>";
		};
		D4B4E889223B3754002DED70 /* Views */ = {
			isa = PBXGroup;
			children = (
				D4B4E88A223B3754002DED70 /* ProgressBar.xib */,
				D4B4E88B223B3754002DED70 /* ItemRedeemedModal.swift */,
				D4B4E88C223B3754002DED70 /* AchievementImageView.swift */,
				D4B4E88D223B3754002DED70 /* AchievementImage.xib */,
				D4B4E88E223B3754002DED70 /* ProgessBarView.swift */,
				D4B4E88F223B3754002DED70 /* ItemRedeemedModal.xib */,
			);
			path = Views;
			sourceTree = "<group>";
		};
		D4CC29A2220756D60091BEFB = {
			isa = PBXGroup;
			children = (
				D4CC29AE220756D60091BEFB /* Source */,
				D4CC29AD220756D60091BEFB /* Products */,
				D4CC2A61220866AE0091BEFB /* Frameworks */,
				4C58A5A7FC0B38B7106A2BF9 /* Pods */,
			);
			sourceTree = "<group>";
		};
		D4CC29AD220756D60091BEFB /* Products */ = {
			isa = PBXGroup;
			children = (
				D4CC29AC220756D60091BEFB /* VillageCoreUI.framework */,
			);
			name = Products;
			sourceTree = "<group>";
		};
		D4CC29AE220756D60091BEFB /* Source */ = {
			isa = PBXGroup;
			children = (
				D47FD3FE220FBD4700376D31 /* Constants.swift */,
				D4CC29B8220757CC0091BEFB /* VillageContainer.swift */,
				D4CC29BA220757DE0091BEFB /* VillageContainer.storyboard */,
				D4F8A5852210A267005FDB6A /* MainMenuViewController.swift */,
				D43663D7222C4E37006354F2 /* CurrentUserViewController.swift */,
				D4F8A5872210A274005FDB6A /* MainMenuViewController.storyboard */,
				D47FD400220FC05500376D31 /* Extensions */,
				D4F8A59A2210D539005FDB6A /* UIKitSubclasses */,
				D4F8A57822109F77005FDB6A /* UIComponents */,
				D4F8A57222109BDE005FDB6A /* Screens */,
				D4CC29B7220756F70091BEFB /* Supporting Files */,
			);
			path = Source;
			sourceTree = "<group>";
		};
		D4CC29B7220756F70091BEFB /* Supporting Files */ = {
			isa = PBXGroup;
			children = (
				D4F8A5892210B6AF005FDB6A /* Fonts */,
				D47FD3F8220FB74B00376D31 /* Assets.xcassets */,
				D4CC29AF220756D60091BEFB /* VillageCoreUI.h */,
				D4CC29B0220756D60091BEFB /* Info.plist */,
			);
			path = "Supporting Files";
			sourceTree = "<group>";
		};
		D4CC2A61220866AE0091BEFB /* Frameworks */ = {
			isa = PBXGroup;
			children = (
				D4AE68782242A5F200A3FB25 /* VillageCore.framework */,
				08CA969EBAEF01C869F0AEDC /* Pods_VillageCoreUI.framework */,
			);
			name = Frameworks;
			sourceTree = "<group>";
		};
		D4CEAE7D225FFC9800A215E4 /* Content Library */ = {
			isa = PBXGroup;
			children = (
				D4CEAE7E225FFCCB00A215E4 /* Cells */,
				D4CEAE83225FFCCB00A215E4 /* ContentLibrary.storyboard */,
				D4CEAE80225FFCCB00A215E4 /* Controllers */,
			);
			path = "Content Library";
			sourceTree = "<group>";
		};
		D4CEAE7E225FFCCB00A215E4 /* Cells */ = {
			isa = PBXGroup;
			children = (
				D4CEAE7F225FFCCB00A215E4 /* ContentLibraryCell.swift */,
			);
			path = Cells;
			sourceTree = "<group>";
		};
		D4CEAE80225FFCCB00A215E4 /* Controllers */ = {
			isa = PBXGroup;
			children = (
				D4CEAE81225FFCCB00A215E4 /* ContentLibraryViewController.swift */,
				D4CEAE82225FFCCB00A215E4 /* ContentDetailController.swift */,
			);
			path = Controllers;
			sourceTree = "<group>";
		};
		D4CEAE8B2260016500A215E4 /* ViewControllerBehaviors */ = {
			isa = PBXGroup;
			children = (
				D4CEAE8C2260018200A215E4 /* LeftBarButtonBehavior.swift */,
				D4A697812264123C00ECC0A8 /* AccommodatesKeyboardBehavior.swift */,
			);
			path = ViewControllerBehaviors;
			sourceTree = "<group>";
		};
		D4D3116A226F5392006C3C3F /* Groups */ = {
			isa = PBXGroup;
			children = (
				D4D3116B226F53BE006C3C3F /* GroupMenuItem.swift */,
				D4D3116D226F53C8006C3C3F /* GroupMenuItem.xib */,
			);
			path = Groups;
			sourceTree = "<group>";
		};
		D4F8A57222109BDE005FDB6A /* Screens */ = {
			isa = PBXGroup;
			children = (
				D4CEAE8B2260016500A215E4 /* ViewControllerBehaviors */,
				D4B4E843223AE7BE002DED70 /* Foundation */,
				D4B4E844223AE7CE002DED70 /* Directory */,
				D460B80F224AC41E003DCA2C /* Notices */,
				D4B4E86F223B370B002DED70 /* Kudos */,
				D4D3116A226F5392006C3C3F /* Groups */,
				D4CEAE7D225FFC9800A215E4 /* Content Library */,
				D4164B6E226800BD0025E6E9 /* Common */,
			);
			path = Screens;
			sourceTree = "<group>";
		};
		D4F8A57322109DE2005FDB6A /* Authentication */ = {
			isa = PBXGroup;
			children = (
				D4F8A57422109E31005FDB6A /* LoginIdentityViewController.swift */,
				D4F8A57622109E55005FDB6A /* LoginIdentityViewController.storyboard */,
				D43663C22229ACA9006354F2 /* LoginPasswordViewController.swift */,
				D43663C12229ACA9006354F2 /* LoginPasswordViewController.storyboard */,
				D43663CD222A13F2006354F2 /* ForgotPasswordViewController.swift */,
				D43663CC222A13F1006354F2 /* ForgotPasswordViewController.storyboard */,
				D42FE5C122411E1700B46C8F /* SendEmailTokenViewController.swift */,
				D42FE5C322411E2000B46C8F /* SendEmailTokenViewController.storyboard */,
			);
			path = Authentication;
			sourceTree = "<group>";
		};
		D4F8A57822109F77005FDB6A /* UIComponents */ = {
			isa = PBXGroup;
			children = (
				D4F8A57922109FA2005FDB6A /* SideMenuController */,
				D4B4E86A223B3524002DED70 /* TabItemView */,
				D4B4E892223B3971002DED70 /* ParentScrollView.swift */,
				D4984E9F223E83E700793CFE /* StatefulUserInterface.swift */,
				D411BC422247E687003D2F08 /* ProgressIndicator.swift */,
				D4164B79226801660025E6E9 /* PersonLabel.swift */,
			);
			path = UIComponents;
			sourceTree = "<group>";
		};
		D4F8A57922109FA2005FDB6A /* SideMenuController */ = {
			isa = PBXGroup;
			children = (
				D4F8A57A22109FAF005FDB6A /* SideMenuController.swift */,
				D4F8A57C22109FDA005FDB6A /* SideMenuControllerDelegate.swift */,
				D4F8A57E22109FE8005FDB6A /* UIViewController+SideMenuController.swift */,
			);
			path = SideMenuController;
			sourceTree = "<group>";
		};
		D4F8A5802210A1CB005FDB6A /* Home */ = {
			isa = PBXGroup;
			children = (
				D4F8A5812210A1DC005FDB6A /* HomeViewController.swift */,
				D4F8A5832210A1F8005FDB6A /* HomeViewController.storyboard */,
			);
			path = Home;
			sourceTree = "<group>";
		};
		D4F8A5892210B6AF005FDB6A /* Fonts */ = {
			isa = PBXGroup;
			children = (
				D4F8A58C2210B6DE005FDB6A /* proximanova-black-webfont.ttf */,
				D4F8A58E2210B6DE005FDB6A /* proximanova-extrabold-webfont.ttf */,
				D4F8A58B2210B6DE005FDB6A /* proximanova-light-webfont.ttf */,
				D4F8A58F2210B6DE005FDB6A /* proximanova-lightitalic-webfont.ttf */,
				D4F8A58D2210B6DE005FDB6A /* proximanova-reg-webfont.ttf */,
				D4F8A5902210B6DE005FDB6A /* proximanova-regitalic-webfont.ttf */,
				D4F8A5912210B6DE005FDB6A /* proximanova-sbold-webfont.ttf */,
				D4F8A58A2210B6DE005FDB6A /* proximanova-sbolditalic-webfont.ttf */,
			);
			path = Fonts;
			sourceTree = "<group>";
		};
		D4F8A59A2210D539005FDB6A /* UIKitSubclasses */ = {
			isa = PBXGroup;
			children = (
				D4D31168226F5243006C3C3F /* NibView.swift */,
				D4F8A59B2210D556005FDB6A /* KeyboardAwareScrollView.swift */,
				D44B5F06222970BB00941CCE /* TintedTextField.swift */,
				D479D2FC224AE87000AFB3DA /* IndentedTextField.swift */,
				D4CEAE89226000AB00A215E4 /* ViewControllerLifecycleBehavior.swift */,
			);
			path = UIKitSubclasses;
			sourceTree = "<group>";
		};
/* End PBXGroup section */

/* Begin PBXHeadersBuildPhase section */
		D4CC29A7220756D60091BEFB /* Headers */ = {
			isa = PBXHeadersBuildPhase;
			buildActionMask = 2147483647;
			files = (
				D4CC29B1220756D60091BEFB /* VillageCoreUI.h in Headers */,
			);
			runOnlyForDeploymentPostprocessing = 0;
		};
/* End PBXHeadersBuildPhase section */

/* Begin PBXNativeTarget section */
		D4CC29AB220756D60091BEFB /* VillageCoreUI */ = {
			isa = PBXNativeTarget;
			buildConfigurationList = D4CC29B4220756D60091BEFB /* Build configuration list for PBXNativeTarget "VillageCoreUI" */;
			buildPhases = (
				07A8813F7C3A9C52D3EE51CC /* [CP] Check Pods Manifest.lock */,
				D4CC29A7220756D60091BEFB /* Headers */,
				D4CC29A8220756D60091BEFB /* Sources */,
				D4CC29A9220756D60091BEFB /* Frameworks */,
				D4CC29AA220756D60091BEFB /* Resources */,
			);
			buildRules = (
			);
			dependencies = (
			);
			name = VillageCoreUI;
			productName = VillageCoreUI;
			productReference = D4CC29AC220756D60091BEFB /* VillageCoreUI.framework */;
			productType = "com.apple.product-type.framework";
		};
/* End PBXNativeTarget section */

/* Begin PBXProject section */
		D4CC29A3220756D60091BEFB /* Project object */ = {
			isa = PBXProject;
			attributes = {
				LastUpgradeCheck = 1010;
				ORGANIZATIONNAME = Dynamit;
				TargetAttributes = {
					D4CC29AB220756D60091BEFB = {
						CreatedOnToolsVersion = 10.1;
						LastSwiftMigration = 1020;
					};
				};
			};
			buildConfigurationList = D4CC29A6220756D60091BEFB /* Build configuration list for PBXProject "VillageCoreUI" */;
			compatibilityVersion = "Xcode 9.3";
			developmentRegion = en;
			hasScannedForEncodings = 0;
			knownRegions = (
				en,
				Base,
			);
			mainGroup = D4CC29A2220756D60091BEFB;
			productRefGroup = D4CC29AD220756D60091BEFB /* Products */;
			projectDirPath = "";
			projectRoot = "";
			targets = (
				D4CC29AB220756D60091BEFB /* VillageCoreUI */,
			);
		};
/* End PBXProject section */

/* Begin PBXResourcesBuildPhase section */
		D4CC29AA220756D60091BEFB /* Resources */ = {
			isa = PBXResourcesBuildPhase;
			buildActionMask = 2147483647;
			files = (
				D4984EA2223FCD5B00793CFE /* Kudos.storyboard in Resources */,
				D4A697782264010C00ECC0A8 /* ItemRedeemedModal.xib in Resources */,
				D4D3116E226F53C8006C3C3F /* GroupMenuItem.xib in Resources */,
				D4F8A5952210B6DE005FDB6A /* proximanova-reg-webfont.ttf in Resources */,
				D4A69775226400F200ECC0A8 /* ProgressBar.xib in Resources */,
				D4F8A5842210A1F8005FDB6A /* HomeViewController.storyboard in Resources */,
				D4A6976D226400CD00ECC0A8 /* LeaderboardCell.xib in Resources */,
				D4A69772226400E800ECC0A8 /* AchievementHeaderCell.xib in Resources */,
				D43663CE222A13F2006354F2 /* ForgotPasswordViewController.storyboard in Resources */,
				D4164B762268011A0025E6E9 /* PersonCell.xib in Resources */,
				D4F8A5992210B6DE005FDB6A /* proximanova-sbold-webfont.ttf in Resources */,
				D4B4E86D223B355B002DED70 /* TabItem.xib in Resources */,
				D460B821224AC434003DCA2C /* Notices.storyboard in Resources */,
				D4B4E89A223B3E5E002DED70 /* AchievementImage.xib in Resources */,
				D4F8A5942210B6DE005FDB6A /* proximanova-black-webfont.ttf in Resources */,
				D47FD3F9220FB74B00376D31 /* Assets.xcassets in Resources */,
				D4F8A5982210B6DE005FDB6A /* proximanova-regitalic-webfont.ttf in Resources */,
				D4F8A5922210B6DE005FDB6A /* proximanova-sbolditalic-webfont.ttf in Resources */,
				D4B4E897223B3D0E002DED70 /* AchievementCollectionViewCell.xib in Resources */,
				D4F8A5972210B6DE005FDB6A /* proximanova-lightitalic-webfont.ttf in Resources */,
				D43663C32229ACA9006354F2 /* LoginPasswordViewController.storyboard in Resources */,
				D411BC412247B3EE003D2F08 /* UserSettings.storyboard in Resources */,
				D4B4E858223AE980002DED70 /* Directory.storyboard in Resources */,
				D47FD3F7220FB23C00376D31 /* VillageContainer.storyboard in Resources */,
				D42FE5C422411E2000B46C8F /* SendEmailTokenViewController.storyboard in Resources */,
				D4F8A5882210A274005FDB6A /* MainMenuViewController.storyboard in Resources */,
				D4CEAE87225FFCCB00A215E4 /* ContentLibrary.storyboard in Resources */,
				D4984EA3223FCD7C00793CFE /* KudoCell.xib in Resources */,
				D4F8A5962210B6DE005FDB6A /* proximanova-extrabold-webfont.ttf in Resources */,
				D4F8A57722109E55005FDB6A /* LoginIdentityViewController.storyboard in Resources */,
				D4F8A5932210B6DE005FDB6A /* proximanova-light-webfont.ttf in Resources */,
			);
			runOnlyForDeploymentPostprocessing = 0;
		};
/* End PBXResourcesBuildPhase section */

/* Begin PBXShellScriptBuildPhase section */
		07A8813F7C3A9C52D3EE51CC /* [CP] Check Pods Manifest.lock */ = {
			isa = PBXShellScriptBuildPhase;
			buildActionMask = 2147483647;
			files = (
			);
			inputFileListPaths = (
			);
			inputPaths = (
				"${PODS_PODFILE_DIR_PATH}/Podfile.lock",
				"${PODS_ROOT}/Manifest.lock",
			);
			name = "[CP] Check Pods Manifest.lock";
			outputFileListPaths = (
			);
			outputPaths = (
				"$(DERIVED_FILE_DIR)/Pods-VillageCoreUI-checkManifestLockResult.txt",
			);
			runOnlyForDeploymentPostprocessing = 0;
			shellPath = /bin/sh;
			shellScript = "diff \"${PODS_PODFILE_DIR_PATH}/Podfile.lock\" \"${PODS_ROOT}/Manifest.lock\" > /dev/null\nif [ $? != 0 ] ; then\n    # print error to STDERR\n    echo \"error: The sandbox is not in sync with the Podfile.lock. Run 'pod install' or update your CocoaPods installation.\" >&2\n    exit 1\nfi\n# This output is used by Xcode 'outputs' to avoid re-running this script phase.\necho \"SUCCESS\" > \"${SCRIPT_OUTPUT_FILE_0}\"\n";
			showEnvVarsInLog = 0;
		};
/* End PBXShellScriptBuildPhase section */

/* Begin PBXSourcesBuildPhase section */
		D4CC29A8220756D60091BEFB /* Sources */ = {
			isa = PBXSourcesBuildPhase;
			buildActionMask = 2147483647;
			files = (
				D4B4E86E223B355B002DED70 /* TabItemView.swift in Sources */,
				D4B4E896223B3D0E002DED70 /* AchievementCollectionViewCell.swift in Sources */,
				D47FD3F6220FB23700376D31 /* VillageContainer.swift in Sources */,
				D4B4E862223AFF22002DED70 /* InvitePersonController.swift in Sources */,
				D460B81E224AC434003DCA2C /* NoticeAcknowledgementsViewController.swift in Sources */,
				D43663D8222C4E37006354F2 /* CurrentUserViewController.swift in Sources */,
				D4164B752268011A0025E6E9 /* PersonCell.swift in Sources */,
				D4F8A57B22109FAF005FDB6A /* SideMenuController.swift in Sources */,
				D460B820224AC434003DCA2C /* NoticeListViewController.swift in Sources */,
				D4B4E893223B3971002DED70 /* ParentScrollView.swift in Sources */,
				D4A697762264010000ECC0A8 /* ItemRedeemedModal.swift in Sources */,
				D4F8A57F22109FE8005FDB6A /* UIViewController+SideMenuController.swift in Sources */,
				D4B4E891223B37B0002DED70 /* MyAchievementsViewController.swift in Sources */,
				D4A6976622600DF600ECC0A8 /* LeftBarButtonBehavior.swift in Sources */,
				D4A69770226400DA00ECC0A8 /* LeaderboardCell.swift in Sources */,
				D4164B772268011A0025E6E9 /* SelectPeopleViewController.swift in Sources */,
				D4A6977E226411DF00ECC0A8 /* LeaderboardTableViewController.swift in Sources */,
				D411BC3F2247B3EE003D2F08 /* UserSettingsSwitchCell.swift in Sources */,
				D4A6976522600D7700ECC0A8 /* ContentDetailController.swift in Sources */,
				D4164B7A226801670025E6E9 /* PersonLabel.swift in Sources */,
				D4984EA0223E83E700793CFE /* StatefulUserInterface.swift in Sources */,
				D460B81F224AC434003DCA2C /* CreateNoticeViewController.swift in Sources */,
				D4CEAE84225FFCCB00A215E4 /* ContentLibraryCell.swift in Sources */,
				D4A6977F226411DF00ECC0A8 /* LeaderboardViewController.swift in Sources */,
				D411BC432247E687003D2F08 /* ProgressIndicator.swift in Sources */,
				D4B4E853223AE980002DED70 /* PeopleViewController.swift in Sources */,
				D47FD402220FC08700376D31 /* Image+Named.swift in Sources */,
				D43663D2222A24BE006354F2 /* UIButton+Loading.swift in Sources */,
				D460B81D224AC434003DCA2C /* ViewNoticeViewController.swift in Sources */,
				D4D31169226F5243006C3C3F /* NibView.swift in Sources */,
				D4B4E859223AE980002DED70 /* ContactPersonTableViewCell.swift in Sources */,
				D460B81C224AC434003DCA2C /* NoticeAcknowledgementCell.swift in Sources */,
				D4B4E863223AFFD6002DED70 /* PersonProfileHeaderViewController.swift in Sources */,
				D47FD3FF220FBD4700376D31 /* Constants.swift in Sources */,
				D4D688CD22600BE800DF90D4 /* ContentLibraryViewController.swift in Sources */,
				D411BC3C2247B3EE003D2F08 /* EditSettingsController.swift in Sources */,
				D4B4E899223B3E5E002DED70 /* AchievementImageView.swift in Sources */,
				D4B4E864223AFFF6002DED70 /* ContactPersonViewController.swift in Sources */,
				D4A69771226400E800ECC0A8 /* AchievementHeaderCell.swift in Sources */,
				D4A6977B226411D100ECC0A8 /* GiveKudosViewController.swift in Sources */,
				D43663C42229ACA9006354F2 /* LoginPasswordViewController.swift in Sources */,
				D4CEAE8A226000AB00A215E4 /* ViewControllerLifecycleBehavior.swift in Sources */,
				D4A697822264123C00ECC0A8 /* AccommodatesKeyboardBehavior.swift in Sources */,
				D411BC452247F807003D2F08 /* UIImage+Rotation.swift in Sources */,
				D4B4E85A223AE980002DED70 /* PersonTableViewCell.swift in Sources */,
				D43663C72229BBC8006354F2 /* UIViewController+NavigationBar.swift in Sources */,
				D4B4E85E223AF3AE002DED70 /* UIColor+Named.swift in Sources */,
				D44B5F07222970BB00941CCE /* TintedTextField.swift in Sources */,
				D4F8A5822210A1DC005FDB6A /* HomeViewController.swift in Sources */,
				D411BC402247B3EE003D2F08 /* UserSettingsGenericCell.swift in Sources */,
				D411BC3D2247B3EE003D2F08 /* UserSettingsHeaderController.swift in Sources */,
				D4D3116C226F53BE006C3C3F /* GroupMenuItem.swift in Sources */,
				D4F8A5862210A267005FDB6A /* MainMenuViewController.swift in Sources */,
				D4B4E861223AFEF7002DED70 /* PersonProfileViewController.swift in Sources */,
				D411BC472247F844003D2F08 /* UIImage+Scaling.swift in Sources */,
				D4B4E890223B3763002DED70 /* KudosListController.swift in Sources */,
				D4B4E869223B281E002DED70 /* ProfileBottomContainerViewController.swift in Sources */,
				D460B81A224AC434003DCA2C /* NewsCell.swift in Sources */,
				D42FE5C222411E1700B46C8F /* SendEmailTokenViewController.swift in Sources */,
				D4A697772264010800ECC0A8 /* ProgessBarView.swift in Sources */,
				D4984EA1223FAF9600793CFE /* KudoCell.swift in Sources */,
				D4A6977D226411DF00ECC0A8 /* MyKudosViewController.swift in Sources */,
				D4F8A57122109B26005FDB6A /* UIViewController+SimpleTransition.swift in Sources */,
				D479D2FD224AE87000AFB3DA /* IndentedTextField.swift in Sources */,
				D43663CF222A13F2006354F2 /* ForgotPasswordViewController.swift in Sources */,
				D4F8A57522109E31005FDB6A /* LoginIdentityViewController.swift in Sources */,
				D411BC3B2247B3EE003D2F08 /* SettingsController.swift in Sources */,
				D4A69779226409D700ECC0A8 /* AchievementDetailsViewController.swift in Sources */,
				D4B4E868223B241C002DED70 /* UIAlertController+Utilities.swift in Sources */,
				D4C037F0226942D200BA7D9D /* UINavigationController+BarStyle.swift in Sources */,
				D46724F02248160B00F4D7E5 /* Bundle+Version.swift in Sources */,
				D4F8A57D22109FDA005FDB6A /* SideMenuControllerDelegate.swift in Sources */,
				D460B81B224AC434003DCA2C /* NoticeCell.swift in Sources */,
				D4F8A59C2210D556005FDB6A /* KeyboardAwareScrollView.swift in Sources */,
				D4164B7C226802570025E6E9 /* PersonSearchViewController.swift in Sources */,
				D411BC3E2247B3EE003D2F08 /* UserSettingsInfoCell.swift in Sources */,
			);
			runOnlyForDeploymentPostprocessing = 0;
		};
/* End PBXSourcesBuildPhase section */

/* Begin XCBuildConfiguration section */
		D4CC29B2220756D60091BEFB /* Debug */ = {
			isa = XCBuildConfiguration;
			buildSettings = {
				ALWAYS_SEARCH_USER_PATHS = NO;
				CLANG_ANALYZER_NONNULL = YES;
				CLANG_ANALYZER_NUMBER_OBJECT_CONVERSION = YES_AGGRESSIVE;
				CLANG_CXX_LANGUAGE_STANDARD = "gnu++14";
				CLANG_CXX_LIBRARY = "libc++";
				CLANG_ENABLE_MODULES = YES;
				CLANG_ENABLE_OBJC_ARC = YES;
				CLANG_ENABLE_OBJC_WEAK = YES;
				CLANG_WARN_BLOCK_CAPTURE_AUTORELEASING = YES;
				CLANG_WARN_BOOL_CONVERSION = YES;
				CLANG_WARN_COMMA = YES;
				CLANG_WARN_CONSTANT_CONVERSION = YES;
				CLANG_WARN_DEPRECATED_OBJC_IMPLEMENTATIONS = YES;
				CLANG_WARN_DIRECT_OBJC_ISA_USAGE = YES_ERROR;
				CLANG_WARN_DOCUMENTATION_COMMENTS = YES;
				CLANG_WARN_EMPTY_BODY = YES;
				CLANG_WARN_ENUM_CONVERSION = YES;
				CLANG_WARN_INFINITE_RECURSION = YES;
				CLANG_WARN_INT_CONVERSION = YES;
				CLANG_WARN_NON_LITERAL_NULL_CONVERSION = YES;
				CLANG_WARN_OBJC_IMPLICIT_RETAIN_SELF = YES;
				CLANG_WARN_OBJC_LITERAL_CONVERSION = YES;
				CLANG_WARN_OBJC_ROOT_CLASS = YES_ERROR;
				CLANG_WARN_RANGE_LOOP_ANALYSIS = YES;
				CLANG_WARN_STRICT_PROTOTYPES = YES;
				CLANG_WARN_SUSPICIOUS_MOVE = YES;
				CLANG_WARN_UNGUARDED_AVAILABILITY = YES_AGGRESSIVE;
				CLANG_WARN_UNREACHABLE_CODE = YES;
				CLANG_WARN__DUPLICATE_METHOD_MATCH = YES;
				CODE_SIGN_IDENTITY = "iPhone Developer";
				COPY_PHASE_STRIP = NO;
				CURRENT_PROJECT_VERSION = 1;
				DEBUG_INFORMATION_FORMAT = dwarf;
				ENABLE_STRICT_OBJC_MSGSEND = YES;
				ENABLE_TESTABILITY = YES;
				GCC_C_LANGUAGE_STANDARD = gnu11;
				GCC_DYNAMIC_NO_PIC = NO;
				GCC_NO_COMMON_BLOCKS = YES;
				GCC_OPTIMIZATION_LEVEL = 0;
				GCC_PREPROCESSOR_DEFINITIONS = (
					"DEBUG=1",
					"$(inherited)",
				);
				GCC_WARN_64_TO_32_BIT_CONVERSION = YES;
				GCC_WARN_ABOUT_RETURN_TYPE = YES_ERROR;
				GCC_WARN_UNDECLARED_SELECTOR = YES;
				GCC_WARN_UNINITIALIZED_AUTOS = YES_AGGRESSIVE;
				GCC_WARN_UNUSED_FUNCTION = YES;
				GCC_WARN_UNUSED_VARIABLE = YES;
				IPHONEOS_DEPLOYMENT_TARGET = 12.1;
				MTL_ENABLE_DEBUG_INFO = INCLUDE_SOURCE;
				MTL_FAST_MATH = YES;
				ONLY_ACTIVE_ARCH = YES;
				SDKROOT = iphoneos;
				SWIFT_ACTIVE_COMPILATION_CONDITIONS = DEBUG;
				SWIFT_OPTIMIZATION_LEVEL = "-Onone";
				VERSIONING_SYSTEM = "apple-generic";
				VERSION_INFO_PREFIX = "";
			};
			name = Debug;
		};
		D4CC29B3220756D60091BEFB /* Release */ = {
			isa = XCBuildConfiguration;
			buildSettings = {
				ALWAYS_SEARCH_USER_PATHS = NO;
				CLANG_ANALYZER_NONNULL = YES;
				CLANG_ANALYZER_NUMBER_OBJECT_CONVERSION = YES_AGGRESSIVE;
				CLANG_CXX_LANGUAGE_STANDARD = "gnu++14";
				CLANG_CXX_LIBRARY = "libc++";
				CLANG_ENABLE_MODULES = YES;
				CLANG_ENABLE_OBJC_ARC = YES;
				CLANG_ENABLE_OBJC_WEAK = YES;
				CLANG_WARN_BLOCK_CAPTURE_AUTORELEASING = YES;
				CLANG_WARN_BOOL_CONVERSION = YES;
				CLANG_WARN_COMMA = YES;
				CLANG_WARN_CONSTANT_CONVERSION = YES;
				CLANG_WARN_DEPRECATED_OBJC_IMPLEMENTATIONS = YES;
				CLANG_WARN_DIRECT_OBJC_ISA_USAGE = YES_ERROR;
				CLANG_WARN_DOCUMENTATION_COMMENTS = YES;
				CLANG_WARN_EMPTY_BODY = YES;
				CLANG_WARN_ENUM_CONVERSION = YES;
				CLANG_WARN_INFINITE_RECURSION = YES;
				CLANG_WARN_INT_CONVERSION = YES;
				CLANG_WARN_NON_LITERAL_NULL_CONVERSION = YES;
				CLANG_WARN_OBJC_IMPLICIT_RETAIN_SELF = YES;
				CLANG_WARN_OBJC_LITERAL_CONVERSION = YES;
				CLANG_WARN_OBJC_ROOT_CLASS = YES_ERROR;
				CLANG_WARN_RANGE_LOOP_ANALYSIS = YES;
				CLANG_WARN_STRICT_PROTOTYPES = YES;
				CLANG_WARN_SUSPICIOUS_MOVE = YES;
				CLANG_WARN_UNGUARDED_AVAILABILITY = YES_AGGRESSIVE;
				CLANG_WARN_UNREACHABLE_CODE = YES;
				CLANG_WARN__DUPLICATE_METHOD_MATCH = YES;
				CODE_SIGN_IDENTITY = "iPhone Developer";
				COPY_PHASE_STRIP = NO;
				CURRENT_PROJECT_VERSION = 1;
				DEBUG_INFORMATION_FORMAT = "dwarf-with-dsym";
				ENABLE_NS_ASSERTIONS = NO;
				ENABLE_STRICT_OBJC_MSGSEND = YES;
				GCC_C_LANGUAGE_STANDARD = gnu11;
				GCC_NO_COMMON_BLOCKS = YES;
				GCC_WARN_64_TO_32_BIT_CONVERSION = YES;
				GCC_WARN_ABOUT_RETURN_TYPE = YES_ERROR;
				GCC_WARN_UNDECLARED_SELECTOR = YES;
				GCC_WARN_UNINITIALIZED_AUTOS = YES_AGGRESSIVE;
				GCC_WARN_UNUSED_FUNCTION = YES;
				GCC_WARN_UNUSED_VARIABLE = YES;
				IPHONEOS_DEPLOYMENT_TARGET = 12.1;
				MTL_ENABLE_DEBUG_INFO = NO;
				MTL_FAST_MATH = YES;
				SDKROOT = iphoneos;
				SWIFT_COMPILATION_MODE = wholemodule;
				SWIFT_OPTIMIZATION_LEVEL = "-O";
				VALIDATE_PRODUCT = YES;
				VERSIONING_SYSTEM = "apple-generic";
				VERSION_INFO_PREFIX = "";
			};
			name = Release;
		};
		D4CC29B5220756D60091BEFB /* Debug */ = {
			isa = XCBuildConfiguration;
			baseConfigurationReference = E65A6BC3DE469A31F8B34075 /* Pods-VillageCoreUI.debug.xcconfig */;
			buildSettings = {
				CLANG_ENABLE_MODULES = YES;
				CODE_SIGN_IDENTITY = "";
				CODE_SIGN_STYLE = Manual;
				DEFINES_MODULE = YES;
				DEVELOPMENT_TEAM = "";
				DYLIB_COMPATIBILITY_VERSION = 1;
				DYLIB_CURRENT_VERSION = 1;
				DYLIB_INSTALL_NAME_BASE = "@rpath";
				FRAMEWORK_SEARCH_PATHS = (
					"$(inherited)",
					"\"${PODS_CONFIGURATION_BUILD_DIR}/SwiftyJSON\"",
					"\"${PODS_CONFIGURATION_BUILD_DIR}/Alamofire\"",
					"\"${PODS_CONFIGURATION_BUILD_DIR}/AlamofireImage\"",
					"\"${PODS_CONFIGURATION_BUILD_DIR}/Nantes\"",
				);
				INFOPLIST_FILE = "Source/Supporting Files/Info.plist";
				INSTALL_PATH = "$(LOCAL_LIBRARY_DIR)/Frameworks";
				IPHONEOS_DEPLOYMENT_TARGET = 11.0;
				LD_RUNPATH_SEARCH_PATHS = (
					"$(inherited)",
					"@executable_path/Frameworks",
					"@loader_path/Frameworks",
					"$(CONFIGURATION_BUILD_DIR)",
				);
				PRODUCT_BUNDLE_IDENTIFIER = com.dynamit.villagecoreui;
				PRODUCT_NAME = "$(TARGET_NAME:c99extidentifier)";
				PROVISIONING_PROFILE_SPECIFIER = "";
				SKIP_INSTALL = YES;
				SWIFT_OPTIMIZATION_LEVEL = "-Onone";
				SWIFT_VERSION = 5.0;
				TARGETED_DEVICE_FAMILY = "1,2";
			};
			name = Debug;
		};
		D4CC29B6220756D60091BEFB /* Release */ = {
			isa = XCBuildConfiguration;
			baseConfigurationReference = E791F78DD5D7216E0781012C /* Pods-VillageCoreUI.release.xcconfig */;
			buildSettings = {
				CLANG_ENABLE_MODULES = YES;
				CODE_SIGN_IDENTITY = "";
				CODE_SIGN_STYLE = Manual;
				DEFINES_MODULE = YES;
				DEVELOPMENT_TEAM = "";
				DYLIB_COMPATIBILITY_VERSION = 1;
				DYLIB_CURRENT_VERSION = 1;
				DYLIB_INSTALL_NAME_BASE = "@rpath";
				INFOPLIST_FILE = "Source/Supporting Files/Info.plist";
				INSTALL_PATH = "$(LOCAL_LIBRARY_DIR)/Frameworks";
				IPHONEOS_DEPLOYMENT_TARGET = 11.0;
				LD_RUNPATH_SEARCH_PATHS = (
					"$(inherited)",
					"@executable_path/Frameworks",
					"@loader_path/Frameworks",
					"$(CONFIGURATION_BUILD_DIR)",
				);
				PRODUCT_BUNDLE_IDENTIFIER = com.dynamit.villagecoreui;
				PRODUCT_NAME = "$(TARGET_NAME:c99extidentifier)";
				PROVISIONING_PROFILE_SPECIFIER = "";
				SKIP_INSTALL = YES;
				SWIFT_VERSION = 5.0;
				TARGETED_DEVICE_FAMILY = "1,2";
			};
			name = Release;
		};
/* End XCBuildConfiguration section */

/* Begin XCConfigurationList section */
		D4CC29A6220756D60091BEFB /* Build configuration list for PBXProject "VillageCoreUI" */ = {
			isa = XCConfigurationList;
			buildConfigurations = (
				D4CC29B2220756D60091BEFB /* Debug */,
				D4CC29B3220756D60091BEFB /* Release */,
			);
			defaultConfigurationIsVisible = 0;
			defaultConfigurationName = Release;
		};
		D4CC29B4220756D60091BEFB /* Build configuration list for PBXNativeTarget "VillageCoreUI" */ = {
			isa = XCConfigurationList;
			buildConfigurations = (
				D4CC29B5220756D60091BEFB /* Debug */,
				D4CC29B6220756D60091BEFB /* Release */,
			);
			defaultConfigurationIsVisible = 0;
			defaultConfigurationName = Release;
		};
/* End XCConfigurationList section */
	};
	rootObject = D4CC29A3220756D60091BEFB /* Project object */;
}
