// !$*UTF8*$!
{
	archiveVersion = 1;
	classes = {
	};
	objectVersion = 51;
	objects = {

/* Begin PBXBuildFile section */
		D492EA1E22A32DA3004DAA2F /* VillageCore.framework in Frameworks */ = {isa = PBXBuildFile; fileRef = D492EA1522A32D89004DAA2F /* VillageCore.framework */; };
		D492EA1F22A32DA3004DAA2F /* VillageCore.framework in Embed Frameworks */ = {isa = PBXBuildFile; fileRef = D492EA1522A32D89004DAA2F /* VillageCore.framework */; settings = {ATTRIBUTES = (CodeSignOnCopy, RemoveHeadersOnCopy, ); }; };
		D492EA2222A32DA3004DAA2F /* VillageCoreUI.framework in Frameworks */ = {isa = PBXBuildFile; fileRef = D492EA1D22A32D92004DAA2F /* VillageCoreUI.framework */; };
		D492EA2322A32DA3004DAA2F /* VillageCoreUI.framework in Embed Frameworks */ = {isa = PBXBuildFile; fileRef = D492EA1D22A32D92004DAA2F /* VillageCoreUI.framework */; settings = {ATTRIBUTES = (CodeSignOnCopy, RemoveHeadersOnCopy, ); }; };
		D4CC29CF22075D070091BEFB /* AppDelegate.swift in Sources */ = {isa = PBXBuildFile; fileRef = D4CC29CE22075D070091BEFB /* AppDelegate.swift */; };
		D4CC29D622075D080091BEFB /* Assets.xcassets in Resources */ = {isa = PBXBuildFile; fileRef = D4CC29D522075D080091BEFB /* Assets.xcassets */; };
		D4CC29D922075D080091BEFB /* LaunchScreen.storyboard in Resources */ = {isa = PBXBuildFile; fileRef = D4CC29D722075D080091BEFB /* LaunchScreen.storyboard */; };
		D965878F725CD21FB5842C81 /* Pods_DonatosVillage.framework in Frameworks */ = {isa = PBXBuildFile; fileRef = B54092C807DF1A5AB290FAD2 /* Pods_DonatosVillage.framework */; };
/* End PBXBuildFile section */

/* Begin PBXContainerItemProxy section */
		D492EA1422A32D89004DAA2F /* PBXContainerItemProxy */ = {
			isa = PBXContainerItemProxy;
			containerPortal = D492EA0F22A32D89004DAA2F /* VillageCore.xcodeproj */;
			proxyType = 2;
			remoteGlobalIDString = D4CC2986220754850091BEFB;
			remoteInfo = VillageCore;
		};
		D492EA1622A32D89004DAA2F /* PBXContainerItemProxy */ = {
			isa = PBXContainerItemProxy;
			containerPortal = D492EA0F22A32D89004DAA2F /* VillageCore.xcodeproj */;
			proxyType = 2;
			remoteGlobalIDString = D4CC298F220754850091BEFB;
			remoteInfo = VillageCoreTests;
		};
		D492EA1C22A32D92004DAA2F /* PBXContainerItemProxy */ = {
			isa = PBXContainerItemProxy;
			containerPortal = D492EA1822A32D92004DAA2F /* VillageCoreUI.xcodeproj */;
			proxyType = 2;
			remoteGlobalIDString = D4CC29AC220756D60091BEFB;
			remoteInfo = VillageCoreUI;
		};
		D492EA2022A32DA3004DAA2F /* PBXContainerItemProxy */ = {
			isa = PBXContainerItemProxy;
			containerPortal = D492EA0F22A32D89004DAA2F /* VillageCore.xcodeproj */;
			proxyType = 1;
			remoteGlobalIDString = D4CC2985220754850091BEFB;
			remoteInfo = VillageCore;
		};
		D492EA2422A32DA3004DAA2F /* PBXContainerItemProxy */ = {
			isa = PBXContainerItemProxy;
			containerPortal = D492EA1822A32D92004DAA2F /* VillageCoreUI.xcodeproj */;
			proxyType = 1;
			remoteGlobalIDString = D4CC29AB220756D60091BEFB;
			remoteInfo = VillageCoreUI;
		};
/* End PBXContainerItemProxy section */

/* Begin PBXCopyFilesBuildPhase section */
		D492EA2622A32DA4004DAA2F /* Embed Frameworks */ = {
			isa = PBXCopyFilesBuildPhase;
			buildActionMask = 2147483647;
			dstPath = "";
			dstSubfolderSpec = 10;
			files = (
				D492EA2322A32DA3004DAA2F /* VillageCoreUI.framework in Embed Frameworks */,
				D492EA1F22A32DA3004DAA2F /* VillageCore.framework in Embed Frameworks */,
			);
			name = "Embed Frameworks";
			runOnlyForDeploymentPostprocessing = 0;
		};
/* End PBXCopyFilesBuildPhase section */

/* Begin PBXFileReference section */
		17AB18F215EBFF5B330EEDDB /* Pods-DonatosVillage.debug.xcconfig */ = {isa = PBXFileReference; includeInIndex = 1; lastKnownFileType = text.xcconfig; name = "Pods-DonatosVillage.debug.xcconfig"; path = "Target Support Files/Pods-DonatosVillage/Pods-DonatosVillage.debug.xcconfig"; sourceTree = "<group>"; };
		5E2D734EC0C6B18F9F1AEA00 /* Pods-DonatosVillage.release.xcconfig */ = {isa = PBXFileReference; includeInIndex = 1; lastKnownFileType = text.xcconfig; name = "Pods-DonatosVillage.release.xcconfig"; path = "Target Support Files/Pods-DonatosVillage/Pods-DonatosVillage.release.xcconfig"; sourceTree = "<group>"; };
		B54092C807DF1A5AB290FAD2 /* Pods_DonatosVillage.framework */ = {isa = PBXFileReference; explicitFileType = wrapper.framework; includeInIndex = 0; path = Pods_DonatosVillage.framework; sourceTree = BUILT_PRODUCTS_DIR; };
		D4879A3D224196B400CBA8FB /* AppCenterAnalytics.framework */ = {isa = PBXFileReference; lastKnownFileType = wrapper.framework; path = AppCenterAnalytics.framework; sourceTree = "<group>"; };
		D4879A3E224196B500CBA8FB /* AppCenter.framework */ = {isa = PBXFileReference; lastKnownFileType = wrapper.framework; path = AppCenter.framework; sourceTree = "<group>"; };
		D4879A3F224196B600CBA8FB /* AppCenterCrashes.framework */ = {isa = PBXFileReference; lastKnownFileType = wrapper.framework; path = AppCenterCrashes.framework; sourceTree = "<group>"; };
		D492EA0F22A32D89004DAA2F /* VillageCore.xcodeproj */ = {isa = PBXFileReference; lastKnownFileType = "wrapper.pb-project"; name = VillageCore.xcodeproj; path = ../../Product/Core/VillageCore/VillageCore.xcodeproj; sourceTree = "<group>"; };
		D492EA1822A32D92004DAA2F /* VillageCoreUI.xcodeproj */ = {isa = PBXFileReference; lastKnownFileType = "wrapper.pb-project"; name = VillageCoreUI.xcodeproj; path = ../../Product/Core/VillageCoreUI/VillageCoreUI.xcodeproj; sourceTree = "<group>"; };
		D4CC29CB22075D070091BEFB /* DonatosVillage.app */ = {isa = PBXFileReference; explicitFileType = wrapper.application; includeInIndex = 0; path = DonatosVillage.app; sourceTree = BUILT_PRODUCTS_DIR; };
		D4CC29CE22075D070091BEFB /* AppDelegate.swift */ = {isa = PBXFileReference; lastKnownFileType = sourcecode.swift; path = AppDelegate.swift; sourceTree = "<group>"; };
		D4CC29D522075D080091BEFB /* Assets.xcassets */ = {isa = PBXFileReference; lastKnownFileType = folder.assetcatalog; path = Assets.xcassets; sourceTree = "<group>"; };
		D4CC29D822075D080091BEFB /* Base */ = {isa = PBXFileReference; lastKnownFileType = file.storyboard; name = Base; path = Base.lproj/LaunchScreen.storyboard; sourceTree = "<group>"; };
		D4CC29DA22075D080091BEFB /* Info.plist */ = {isa = PBXFileReference; lastKnownFileType = text.plist.xml; path = Info.plist; sourceTree = "<group>"; };
		D4F8356C228234D100481FCC /* DonatosVillage.entitlements */ = {isa = PBXFileReference; lastKnownFileType = text.plist.entitlements; path = DonatosVillage.entitlements; sourceTree = "<group>"; };
/* End PBXFileReference section */

/* Begin PBXFrameworksBuildPhase section */
		D4CC29C822075D070091BEFB /* Frameworks */ = {
			isa = PBXFrameworksBuildPhase;
			buildActionMask = 2147483647;
			files = (
				D492EA1E22A32DA3004DAA2F /* VillageCore.framework in Frameworks */,
				D492EA2222A32DA3004DAA2F /* VillageCoreUI.framework in Frameworks */,
				D965878F725CD21FB5842C81 /* Pods_DonatosVillage.framework in Frameworks */,
			);
			runOnlyForDeploymentPostprocessing = 0;
		};
/* End PBXFrameworksBuildPhase section */

/* Begin PBXGroup section */
		D1F148F12F5CDF3C90A9D091 /* Pods */ = {
			isa = PBXGroup;
			children = (
				17AB18F215EBFF5B330EEDDB /* Pods-DonatosVillage.debug.xcconfig */,
				5E2D734EC0C6B18F9F1AEA00 /* Pods-DonatosVillage.release.xcconfig */,
			);
			name = Pods;
			path = ../../Pods;
			sourceTree = "<group>";
		};
		D4879A3C2241967300CBA8FB /* Vendor */ = {
			isa = PBXGroup;
			children = (
				D4879A3E224196B500CBA8FB /* AppCenter.framework */,
				D4879A3D224196B400CBA8FB /* AppCenterAnalytics.framework */,
				D4879A3F224196B600CBA8FB /* AppCenterCrashes.framework */,
			);
			path = Vendor;
			sourceTree = "<group>";
		};
		D492EA1022A32D89004DAA2F /* Products */ = {
			isa = PBXGroup;
			children = (
				D492EA1522A32D89004DAA2F /* VillageCore.framework */,
				D492EA1722A32D89004DAA2F /* VillageCoreTests.xctest */,
			);
			name = Products;
			sourceTree = "<group>";
		};
		D492EA1922A32D92004DAA2F /* Products */ = {
			isa = PBXGroup;
			children = (
				D492EA1D22A32D92004DAA2F /* VillageCoreUI.framework */,
			);
			name = Products;
			sourceTree = "<group>";
		};
		D4CC29C222075D070091BEFB = {
			isa = PBXGroup;
			children = (
				D4CC29CD22075D070091BEFB /* DonatosVillage */,
				D4CC29CC22075D070091BEFB /* Products */,
				D54C3D91F4C5144E14E60397 /* Frameworks */,
				D1F148F12F5CDF3C90A9D091 /* Pods */,
			);
			sourceTree = "<group>";
		};
		D4CC29CC22075D070091BEFB /* Products */ = {
			isa = PBXGroup;
			children = (
				D4CC29CB22075D070091BEFB /* DonatosVillage.app */,
			);
			name = Products;
			sourceTree = "<group>";
		};
		D4CC29CD22075D070091BEFB /* DonatosVillage */ = {
			isa = PBXGroup;
			children = (
				D4F8356C228234D100481FCC /* DonatosVillage.entitlements */,
				D4CC29CE22075D070091BEFB /* AppDelegate.swift */,
				D4CC29D522075D080091BEFB /* Assets.xcassets */,
				D4CC29D722075D080091BEFB /* LaunchScreen.storyboard */,
				D4CC29DA22075D080091BEFB /* Info.plist */,
				D4879A3C2241967300CBA8FB /* Vendor */,
			);
			path = DonatosVillage;
			sourceTree = "<group>";
		};
		D54C3D91F4C5144E14E60397 /* Frameworks */ = {
			isa = PBXGroup;
			children = (
				D492EA0F22A32D89004DAA2F /* VillageCore.xcodeproj */,
				D492EA1822A32D92004DAA2F /* VillageCoreUI.xcodeproj */,
				B54092C807DF1A5AB290FAD2 /* Pods_DonatosVillage.framework */,
			);
			name = Frameworks;
			sourceTree = "<group>";
		};
/* End PBXGroup section */

/* Begin PBXNativeTarget section */
		D4CC29CA22075D070091BEFB /* DonatosVillage */ = {
			isa = PBXNativeTarget;
			buildConfigurationList = D4CC29DD22075D080091BEFB /* Build configuration list for PBXNativeTarget "DonatosVillage" */;
			buildPhases = (
				25D3BCF6DF3BF49973287FC5 /* [CP] Check Pods Manifest.lock */,
				D4CC29C722075D070091BEFB /* Sources */,
				D4CC29C822075D070091BEFB /* Frameworks */,
				D4CC29C922075D070091BEFB /* Resources */,
				D4C037F12269482B00BA7D9D /* Set Build Number */,
				96B8A8B94E2B3EDFEBB337F1 /* [CP] Embed Pods Frameworks */,
				D492EA2622A32DA4004DAA2F /* Embed Frameworks */,
			);
			buildRules = (
			);
			dependencies = (
				D492EA2122A32DA3004DAA2F /* PBXTargetDependency */,
				D492EA2522A32DA3004DAA2F /* PBXTargetDependency */,
			);
			name = DonatosVillage;
			productName = DonatosVillage;
			productReference = D4CC29CB22075D070091BEFB /* DonatosVillage.app */;
			productType = "com.apple.product-type.application";
		};
/* End PBXNativeTarget section */

/* Begin PBXProject section */
		D4CC29C322075D070091BEFB /* Project object */ = {
			isa = PBXProject;
			attributes = {
				LastSwiftUpdateCheck = 1010;
				LastUpgradeCheck = 1010;
				ORGANIZATIONNAME = Donatos;
				TargetAttributes = {
					D4CC29CA22075D070091BEFB = {
						CreatedOnToolsVersion = 10.1;
						LastSwiftMigration = 1020;
						SystemCapabilities = {
							com.apple.Push = {
								enabled = 1;
							};
						};
					};
				};
			};
			buildConfigurationList = D4CC29C622075D070091BEFB /* Build configuration list for PBXProject "DonatosVillage" */;
			compatibilityVersion = "Xcode 9.3";
			developmentRegion = en;
			hasScannedForEncodings = 0;
			knownRegions = (
				en,
				Base,
			);
			mainGroup = D4CC29C222075D070091BEFB;
			productRefGroup = D4CC29CC22075D070091BEFB /* Products */;
			projectDirPath = "";
			projectReferences = (
				{
					ProductGroup = D492EA1022A32D89004DAA2F /* Products */;
					ProjectRef = D492EA0F22A32D89004DAA2F /* VillageCore.xcodeproj */;
				},
				{
					ProductGroup = D492EA1922A32D92004DAA2F /* Products */;
					ProjectRef = D492EA1822A32D92004DAA2F /* VillageCoreUI.xcodeproj */;
				},
			);
			projectRoot = "";
			targets = (
				D4CC29CA22075D070091BEFB /* DonatosVillage */,
			);
		};
/* End PBXProject section */

/* Begin PBXReferenceProxy section */
		D492EA1522A32D89004DAA2F /* VillageCore.framework */ = {
			isa = PBXReferenceProxy;
			fileType = wrapper.framework;
			path = VillageCore.framework;
			remoteRef = D492EA1422A32D89004DAA2F /* PBXContainerItemProxy */;
			sourceTree = BUILT_PRODUCTS_DIR;
		};
		D492EA1722A32D89004DAA2F /* VillageCoreTests.xctest */ = {
			isa = PBXReferenceProxy;
			fileType = wrapper.cfbundle;
			path = VillageCoreTests.xctest;
			remoteRef = D492EA1622A32D89004DAA2F /* PBXContainerItemProxy */;
			sourceTree = BUILT_PRODUCTS_DIR;
		};
		D492EA1D22A32D92004DAA2F /* VillageCoreUI.framework */ = {
			isa = PBXReferenceProxy;
			fileType = wrapper.framework;
			path = VillageCoreUI.framework;
			remoteRef = D492EA1C22A32D92004DAA2F /* PBXContainerItemProxy */;
			sourceTree = BUILT_PRODUCTS_DIR;
		};
/* End PBXReferenceProxy section */

/* Begin PBXResourcesBuildPhase section */
		D4CC29C922075D070091BEFB /* Resources */ = {
			isa = PBXResourcesBuildPhase;
			buildActionMask = 2147483647;
			files = (
				D4CC29D922075D080091BEFB /* LaunchScreen.storyboard in Resources */,
				D4CC29D622075D080091BEFB /* Assets.xcassets in Resources */,
			);
			runOnlyForDeploymentPostprocessing = 0;
		};
/* End PBXResourcesBuildPhase section */

/* Begin PBXShellScriptBuildPhase section */
		25D3BCF6DF3BF49973287FC5 /* [CP] Check Pods Manifest.lock */ = {
			isa = PBXShellScriptBuildPhase;
			buildActionMask = 2147483647;
			files = (
			);
			inputFileListPaths = (
			);
			inputPaths = (
				"${PODS_PODFILE_DIR_PATH}/Podfile.lock",
				"${PODS_ROOT}/Manifest.lock",
			);
			name = "[CP] Check Pods Manifest.lock";
			outputFileListPaths = (
			);
			outputPaths = (
				"$(DERIVED_FILE_DIR)/Pods-DonatosVillage-checkManifestLockResult.txt",
			);
			runOnlyForDeploymentPostprocessing = 0;
			shellPath = /bin/sh;
			shellScript = "diff \"${PODS_PODFILE_DIR_PATH}/Podfile.lock\" \"${PODS_ROOT}/Manifest.lock\" > /dev/null\nif [ $? != 0 ] ; then\n    # print error to STDERR\n    echo \"error: The sandbox is not in sync with the Podfile.lock. Run 'pod install' or update your CocoaPods installation.\" >&2\n    exit 1\nfi\n# This output is used by Xcode 'outputs' to avoid re-running this script phase.\necho \"SUCCESS\" > \"${SCRIPT_OUTPUT_FILE_0}\"\n";
			showEnvVarsInLog = 0;
		};
		96B8A8B94E2B3EDFEBB337F1 /* [CP] Embed Pods Frameworks */ = {
			isa = PBXShellScriptBuildPhase;
			buildActionMask = 2147483647;
			files = (
			);
			inputFileListPaths = (
				"${PODS_ROOT}/Target Support Files/Pods-DonatosVillage/Pods-DonatosVillage-frameworks-${CONFIGURATION}-input-files.xcfilelist",
			);
			name = "[CP] Embed Pods Frameworks";
			outputFileListPaths = (
				"${PODS_ROOT}/Target Support Files/Pods-DonatosVillage/Pods-DonatosVillage-frameworks-${CONFIGURATION}-output-files.xcfilelist",
			);
			runOnlyForDeploymentPostprocessing = 0;
			shellPath = /bin/sh;
			shellScript = "\"${PODS_ROOT}/Target Support Files/Pods-DonatosVillage/Pods-DonatosVillage-frameworks.sh\"\n";
			showEnvVarsInLog = 0;
		};
		D4C037F12269482B00BA7D9D /* Set Build Number */ = {
			isa = PBXShellScriptBuildPhase;
			buildActionMask = 2147483647;
			files = (
			);
			inputFileListPaths = (
			);
			inputPaths = (
			);
			name = "Set Build Number";
			outputFileListPaths = (
			);
			outputPaths = (
			);
			runOnlyForDeploymentPostprocessing = 0;
			shellPath = /bin/sh;
			shellScript = "# Source: https://blog.curtisherbert.com/automated-xcode-build-numbers-early-2019-edition/?utm_campaign=iOS%2BDev%2BWeekly&utm_medium=web&utm_source=iOS%2BDev%2BWeekly%2BIssue%2B397\ngit=`sh /etc/profile; which git`\nbundleVersion=`\"$git\" rev-list --all |wc -l`\n/usr/libexec/PlistBuddy -c \"Set :CFBundleVersion $bundleVersion\" \"${TARGET_BUILD_DIR}/${INFOPLIST_PATH}\"\n\necho \"Updated build number in ${TARGET_BUILD_DIR}/${INFOPLIST_PATH} to $bundleVersion\"\n";
		};
/* End PBXShellScriptBuildPhase section */

/* Begin PBXSourcesBuildPhase section */
		D4CC29C722075D070091BEFB /* Sources */ = {
			isa = PBXSourcesBuildPhase;
			buildActionMask = 2147483647;
			files = (
				D4CC29CF22075D070091BEFB /* AppDelegate.swift in Sources */,
			);
			runOnlyForDeploymentPostprocessing = 0;
		};
/* End PBXSourcesBuildPhase section */

/* Begin PBXTargetDependency section */
		D492EA2122A32DA3004DAA2F /* PBXTargetDependency */ = {
			isa = PBXTargetDependency;
			name = VillageCore;
			targetProxy = D492EA2022A32DA3004DAA2F /* PBXContainerItemProxy */;
		};
		D492EA2522A32DA3004DAA2F /* PBXTargetDependency */ = {
			isa = PBXTargetDependency;
			name = VillageCoreUI;
			targetProxy = D492EA2422A32DA3004DAA2F /* PBXContainerItemProxy */;
		};
/* End PBXTargetDependency section */

/* Begin PBXVariantGroup section */
		D4CC29D722075D080091BEFB /* LaunchScreen.storyboard */ = {
			isa = PBXVariantGroup;
			children = (
				D4CC29D822075D080091BEFB /* Base */,
			);
			name = LaunchScreen.storyboard;
			sourceTree = "<group>";
		};
/* End PBXVariantGroup section */

/* Begin XCBuildConfiguration section */
		D4CC29DB22075D080091BEFB /* Debug */ = {
			isa = XCBuildConfiguration;
			buildSettings = {
				ALWAYS_SEARCH_USER_PATHS = NO;
				CLANG_ANALYZER_NONNULL = YES;
				CLANG_ANALYZER_NUMBER_OBJECT_CONVERSION = YES_AGGRESSIVE;
				CLANG_CXX_LANGUAGE_STANDARD = "gnu++14";
				CLANG_CXX_LIBRARY = "libc++";
				CLANG_ENABLE_MODULES = YES;
				CLANG_ENABLE_OBJC_ARC = YES;
				CLANG_ENABLE_OBJC_WEAK = YES;
				CLANG_WARN_BLOCK_CAPTURE_AUTORELEASING = YES;
				CLANG_WARN_BOOL_CONVERSION = YES;
				CLANG_WARN_COMMA = YES;
				CLANG_WARN_CONSTANT_CONVERSION = YES;
				CLANG_WARN_DEPRECATED_OBJC_IMPLEMENTATIONS = YES;
				CLANG_WARN_DIRECT_OBJC_ISA_USAGE = YES_ERROR;
				CLANG_WARN_DOCUMENTATION_COMMENTS = YES;
				CLANG_WARN_EMPTY_BODY = YES;
				CLANG_WARN_ENUM_CONVERSION = YES;
				CLANG_WARN_INFINITE_RECURSION = YES;
				CLANG_WARN_INT_CONVERSION = YES;
				CLANG_WARN_NON_LITERAL_NULL_CONVERSION = YES;
				CLANG_WARN_OBJC_IMPLICIT_RETAIN_SELF = YES;
				CLANG_WARN_OBJC_LITERAL_CONVERSION = YES;
				CLANG_WARN_OBJC_ROOT_CLASS = YES_ERROR;
				CLANG_WARN_RANGE_LOOP_ANALYSIS = YES;
				CLANG_WARN_STRICT_PROTOTYPES = YES;
				CLANG_WARN_SUSPICIOUS_MOVE = YES;
				CLANG_WARN_UNGUARDED_AVAILABILITY = YES_AGGRESSIVE;
				CLANG_WARN_UNREACHABLE_CODE = YES;
				CLANG_WARN__DUPLICATE_METHOD_MATCH = YES;
				CODE_SIGN_IDENTITY = "iPhone Developer";
				COPY_PHASE_STRIP = NO;
				DEBUG_INFORMATION_FORMAT = dwarf;
				ENABLE_STRICT_OBJC_MSGSEND = YES;
				ENABLE_TESTABILITY = YES;
				GCC_C_LANGUAGE_STANDARD = gnu11;
				GCC_DYNAMIC_NO_PIC = NO;
				GCC_NO_COMMON_BLOCKS = YES;
				GCC_OPTIMIZATION_LEVEL = 0;
				GCC_PREPROCESSOR_DEFINITIONS = (
					"DEBUG=1",
					"$(inherited)",
				);
				GCC_WARN_64_TO_32_BIT_CONVERSION = YES;
				GCC_WARN_ABOUT_RETURN_TYPE = YES_ERROR;
				GCC_WARN_UNDECLARED_SELECTOR = YES;
				GCC_WARN_UNINITIALIZED_AUTOS = YES_AGGRESSIVE;
				GCC_WARN_UNUSED_FUNCTION = YES;
				GCC_WARN_UNUSED_VARIABLE = YES;
				IPHONEOS_DEPLOYMENT_TARGET = 12.1;
				MTL_ENABLE_DEBUG_INFO = INCLUDE_SOURCE;
				MTL_FAST_MATH = YES;
				ONLY_ACTIVE_ARCH = YES;
				SDKROOT = iphoneos;
				SWIFT_ACTIVE_COMPILATION_CONDITIONS = DEBUG;
				SWIFT_OPTIMIZATION_LEVEL = "-Onone";
			};
			name = Debug;
		};
		D4CC29DC22075D080091BEFB /* Release */ = {
			isa = XCBuildConfiguration;
			buildSettings = {
				ALWAYS_SEARCH_USER_PATHS = NO;
				CLANG_ANALYZER_NONNULL = YES;
				CLANG_ANALYZER_NUMBER_OBJECT_CONVERSION = YES_AGGRESSIVE;
				CLANG_CXX_LANGUAGE_STANDARD = "gnu++14";
				CLANG_CXX_LIBRARY = "libc++";
				CLANG_ENABLE_MODULES = YES;
				CLANG_ENABLE_OBJC_ARC = YES;
				CLANG_ENABLE_OBJC_WEAK = YES;
				CLANG_WARN_BLOCK_CAPTURE_AUTORELEASING = YES;
				CLANG_WARN_BOOL_CONVERSION = YES;
				CLANG_WARN_COMMA = YES;
				CLANG_WARN_CONSTANT_CONVERSION = YES;
				CLANG_WARN_DEPRECATED_OBJC_IMPLEMENTATIONS = YES;
				CLANG_WARN_DIRECT_OBJC_ISA_USAGE = YES_ERROR;
				CLANG_WARN_DOCUMENTATION_COMMENTS = YES;
				CLANG_WARN_EMPTY_BODY = YES;
				CLANG_WARN_ENUM_CONVERSION = YES;
				CLANG_WARN_INFINITE_RECURSION = YES;
				CLANG_WARN_INT_CONVERSION = YES;
				CLANG_WARN_NON_LITERAL_NULL_CONVERSION = YES;
				CLANG_WARN_OBJC_IMPLICIT_RETAIN_SELF = YES;
				CLANG_WARN_OBJC_LITERAL_CONVERSION = YES;
				CLANG_WARN_OBJC_ROOT_CLASS = YES_ERROR;
				CLANG_WARN_RANGE_LOOP_ANALYSIS = YES;
				CLANG_WARN_STRICT_PROTOTYPES = YES;
				CLANG_WARN_SUSPICIOUS_MOVE = YES;
				CLANG_WARN_UNGUARDED_AVAILABILITY = YES_AGGRESSIVE;
				CLANG_WARN_UNREACHABLE_CODE = YES;
				CLANG_WARN__DUPLICATE_METHOD_MATCH = YES;
				CODE_SIGN_IDENTITY = "iPhone Developer";
				COPY_PHASE_STRIP = NO;
				DEBUG_INFORMATION_FORMAT = "dwarf-with-dsym";
				ENABLE_NS_ASSERTIONS = NO;
				ENABLE_STRICT_OBJC_MSGSEND = YES;
				GCC_C_LANGUAGE_STANDARD = gnu11;
				GCC_NO_COMMON_BLOCKS = YES;
				GCC_WARN_64_TO_32_BIT_CONVERSION = YES;
				GCC_WARN_ABOUT_RETURN_TYPE = YES_ERROR;
				GCC_WARN_UNDECLARED_SELECTOR = YES;
				GCC_WARN_UNINITIALIZED_AUTOS = YES_AGGRESSIVE;
				GCC_WARN_UNUSED_FUNCTION = YES;
				GCC_WARN_UNUSED_VARIABLE = YES;
				IPHONEOS_DEPLOYMENT_TARGET = 12.1;
				MTL_ENABLE_DEBUG_INFO = NO;
				MTL_FAST_MATH = YES;
				SDKROOT = iphoneos;
				SWIFT_COMPILATION_MODE = wholemodule;
				SWIFT_OPTIMIZATION_LEVEL = "-O";
				VALIDATE_PRODUCT = YES;
			};
			name = Release;
		};
		D4CC29DE22075D080091BEFB /* Debug */ = {
			isa = XCBuildConfiguration;
			baseConfigurationReference = 17AB18F215EBFF5B330EEDDB /* Pods-DonatosVillage.debug.xcconfig */;
			buildSettings = {
				ALWAYS_EMBED_SWIFT_STANDARD_LIBRARIES = YES;
				ASSETCATALOG_COMPILER_APPICON_NAME = AppIcon;
				CODE_SIGN_ENTITLEMENTS = DonatosVillage/DonatosVillage.entitlements;
				CODE_SIGN_STYLE = Manual;
				DEVELOPMENT_TEAM = PH47MC4D6A;
				FRAMEWORK_SEARCH_PATHS = (
					"$(inherited)",
					"$(PROJECT_DIR)/DonatosVillage/Vendor",
				);
				INFOPLIST_FILE = DonatosVillage/Info.plist;
				IPHONEOS_DEPLOYMENT_TARGET = 11.0;
				LD_RUNPATH_SEARCH_PATHS = (
					"$(inherited)",
					"@executable_path/Frameworks",
					"$(CONFIGURATION_BUILD_DIR)",
				);
				PRODUCT_BUNDLE_IDENTIFIER = com.donatos.ios.village;
				PRODUCT_NAME = "$(TARGET_NAME)";
				PROVISIONING_PROFILE_SPECIFIER = "Development com.donatos.ios.village";
				SWIFT_VERSION = 5.0;
				TARGETED_DEVICE_FAMILY = 1;
			};
			name = Debug;
		};
		D4CC29DF22075D080091BEFB /* Release */ = {
			isa = XCBuildConfiguration;
			baseConfigurationReference = 5E2D734EC0C6B18F9F1AEA00 /* Pods-DonatosVillage.release.xcconfig */;
			buildSettings = {
				ALWAYS_EMBED_SWIFT_STANDARD_LIBRARIES = YES;
				ASSETCATALOG_COMPILER_APPICON_NAME = AppIcon;
				CODE_SIGN_ENTITLEMENTS = DonatosVillage/DonatosVillage.entitlements;
				CODE_SIGN_IDENTITY = "iPhone Distribution";
				CODE_SIGN_STYLE = Manual;
				DEVELOPMENT_TEAM = PH47MC4D6A;
				FRAMEWORK_SEARCH_PATHS = (
					"$(inherited)",
					"$(PROJECT_DIR)/DonatosVillage/Vendor",
				);
				INFOPLIST_FILE = DonatosVillage/Info.plist;
				IPHONEOS_DEPLOYMENT_TARGET = 11.0;
				LD_RUNPATH_SEARCH_PATHS = (
					"$(inherited)",
					"@executable_path/Frameworks",
					"$(CONFIGURATION_BUILD_DIR)",
				);
				PRODUCT_BUNDLE_IDENTIFIER = com.donatos.ios.village;
				PRODUCT_NAME = "$(TARGET_NAME)";
				PROVISIONING_PROFILE_SPECIFIER = "AdHoc com.donatos.ios.village";
				SWIFT_VERSION = 5.0;
				TARGETED_DEVICE_FAMILY = 1;
			};
			name = Release;
		};
/* End XCBuildConfiguration section */

/* Begin XCConfigurationList section */
		D4CC29C622075D070091BEFB /* Build configuration list for PBXProject "DonatosVillage" */ = {
			isa = XCConfigurationList;
			buildConfigurations = (
				D4CC29DB22075D080091BEFB /* Debug */,
				D4CC29DC22075D080091BEFB /* Release */,
			);
			defaultConfigurationIsVisible = 0;
			defaultConfigurationName = Release;
		};
		D4CC29DD22075D080091BEFB /* Build configuration list for PBXNativeTarget "DonatosVillage" */ = {
			isa = XCConfigurationList;
			buildConfigurations = (
				D4CC29DE22075D080091BEFB /* Debug */,
				D4CC29DF22075D080091BEFB /* Release */,
			);
			defaultConfigurationIsVisible = 0;
			defaultConfigurationName = Release;
		};
/* End XCConfigurationList section */
	};
	rootObject = D4CC29C322075D070091BEFB /* Project object */;
}
