// !$*UTF8*$!
{
	archiveVersion = 1;
	classes = {
	};
	objectVersion = 50;
	objects = {

/* Begin PBXBuildFile section */
		9659F9DB611700F634E32994 /* Pods_DonatosVillage.framework in Frameworks */ = {isa = PBXBuildFile; fileRef = E943258A11A7B681BE7388D8 /* Pods_DonatosVillage.framework */; };
		D47FD3F2220FB16300376D31 /* VillageCoreUI.framework in Frameworks */ = {isa = PBXBuildFile; fileRef = D47FD3F1220FB15900376D31 /* VillageCoreUI.framework */; };
		D47FD3F3220FB16300376D31 /* VillageCoreUI.framework in Embed Frameworks */ = {isa = PBXBuildFile; fileRef = D47FD3F1220FB15900376D31 /* VillageCoreUI.framework */; settings = {ATTRIBUTES = (CodeSignOnCopy, RemoveHeadersOnCopy, ); }; };
		D4879A40224196B600CBA8FB /* AppCenterAnalytics.framework in Frameworks */ = {isa = PBXBuildFile; fileRef = D4879A3D224196B400CBA8FB /* AppCenterAnalytics.framework */; };
		D4879A41224196B600CBA8FB /* AppCenter.framework in Frameworks */ = {isa = PBXBuildFile; fileRef = D4879A3E224196B500CBA8FB /* AppCenter.framework */; };
		D4879A42224196B600CBA8FB /* AppCenterCrashes.framework in Frameworks */ = {isa = PBXBuildFile; fileRef = D4879A3F224196B600CBA8FB /* AppCenterCrashes.framework */; };
		D4A983F32269FE8000ACC3F6 /* VillageCore.framework in Frameworks */ = {isa = PBXBuildFile; fileRef = D4A983F02269FE6E00ACC3F6 /* VillageCore.framework */; };
		D4A983F42269FE8000ACC3F6 /* VillageCore.framework in Embed Frameworks */ = {isa = PBXBuildFile; fileRef = D4A983F02269FE6E00ACC3F6 /* VillageCore.framework */; settings = {ATTRIBUTES = (CodeSignOnCopy, RemoveHeadersOnCopy, ); }; };
		D4CC29CF22075D070091BEFB /* AppDelegate.swift in Sources */ = {isa = PBXBuildFile; fileRef = D4CC29CE22075D070091BEFB /* AppDelegate.swift */; };
		D4CC29D622075D080091BEFB /* Assets.xcassets in Resources */ = {isa = PBXBuildFile; fileRef = D4CC29D522075D080091BEFB /* Assets.xcassets */; };
		D4CC29D922075D080091BEFB /* LaunchScreen.storyboard in Resources */ = {isa = PBXBuildFile; fileRef = D4CC29D722075D080091BEFB /* LaunchScreen.storyboard */; };
/* End PBXBuildFile section */

/* Begin PBXContainerItemProxy section */
		D47FD3F0220FB15900376D31 /* PBXContainerItemProxy */ = {
			isa = PBXContainerItemProxy;
			containerPortal = D47FD3EC220FB15900376D31 /* VillageCoreUI.xcodeproj */;
			proxyType = 2;
			remoteGlobalIDString = D4CC29AC220756D60091BEFB;
			remoteInfo = VillageCoreUI;
		};
		D47FD3F4220FB16300376D31 /* PBXContainerItemProxy */ = {
			isa = PBXContainerItemProxy;
			containerPortal = D47FD3EC220FB15900376D31 /* VillageCoreUI.xcodeproj */;
			proxyType = 1;
			remoteGlobalIDString = D4CC29AB220756D60091BEFB;
			remoteInfo = VillageCoreUI;
		};
		D4A983EF2269FE6E00ACC3F6 /* PBXContainerItemProxy */ = {
			isa = PBXContainerItemProxy;
			containerPortal = D4A983EA2269FE6E00ACC3F6 /* VillageCore.xcodeproj */;
			proxyType = 2;
			remoteGlobalIDString = D4CC2986220754850091BEFB;
			remoteInfo = VillageCore;
		};
		D4A983F12269FE6E00ACC3F6 /* PBXContainerItemProxy */ = {
			isa = PBXContainerItemProxy;
			containerPortal = D4A983EA2269FE6E00ACC3F6 /* VillageCore.xcodeproj */;
			proxyType = 2;
			remoteGlobalIDString = D4CC298F220754850091BEFB;
			remoteInfo = VillageCoreTests;
		};
		D4A983F52269FE8000ACC3F6 /* PBXContainerItemProxy */ = {
			isa = PBXContainerItemProxy;
			containerPortal = D4A983EA2269FE6E00ACC3F6 /* VillageCore.xcodeproj */;
			proxyType = 1;
			remoteGlobalIDString = D4CC2985220754850091BEFB;
			remoteInfo = VillageCore;
		};
/* End PBXContainerItemProxy section */

/* Begin PBXCopyFilesBuildPhase section */
		D47FD3EB220FB12200376D31 /* Embed Frameworks */ = {
			isa = PBXCopyFilesBuildPhase;
			buildActionMask = 2147483647;
			dstPath = "";
			dstSubfolderSpec = 10;
			files = (
				D4A983F42269FE8000ACC3F6 /* VillageCore.framework in Embed Frameworks */,
				D47FD3F3220FB16300376D31 /* VillageCoreUI.framework in Embed Frameworks */,
			);
			name = "Embed Frameworks";
			runOnlyForDeploymentPostprocessing = 0;
		};
/* End PBXCopyFilesBuildPhase section */

/* Begin PBXFileReference section */
		43565619D7EDB88B2A852C60 /* Pods-DonatosVillage.release.xcconfig */ = {isa = PBXFileReference; includeInIndex = 1; lastKnownFileType = text.xcconfig; name = "Pods-DonatosVillage.release.xcconfig"; path = "../../Pods/Target Support Files/Pods-DonatosVillage/Pods-DonatosVillage.release.xcconfig"; sourceTree = "<group>"; };
		6A21354782F5AAF5295BF86C /* Pods-DonatosVillage.debug.xcconfig */ = {isa = PBXFileReference; includeInIndex = 1; lastKnownFileType = text.xcconfig; name = "Pods-DonatosVillage.debug.xcconfig"; path = "../../Pods/Target Support Files/Pods-DonatosVillage/Pods-DonatosVillage.debug.xcconfig"; sourceTree = "<group>"; };
		D47FD3EC220FB15900376D31 /* VillageCoreUI.xcodeproj */ = {isa = PBXFileReference; lastKnownFileType = "wrapper.pb-project"; name = VillageCoreUI.xcodeproj; path = ../../Product/Core/VillageCoreUI/VillageCoreUI.xcodeproj; sourceTree = "<group>"; };
		D4879A3D224196B400CBA8FB /* AppCenterAnalytics.framework */ = {isa = PBXFileReference; lastKnownFileType = wrapper.framework; path = AppCenterAnalytics.framework; sourceTree = "<group>"; };
		D4879A3E224196B500CBA8FB /* AppCenter.framework */ = {isa = PBXFileReference; lastKnownFileType = wrapper.framework; path = AppCenter.framework; sourceTree = "<group>"; };
		D4879A3F224196B600CBA8FB /* AppCenterCrashes.framework */ = {isa = PBXFileReference; lastKnownFileType = wrapper.framework; path = AppCenterCrashes.framework; sourceTree = "<group>"; };
		D4A983EA2269FE6E00ACC3F6 /* VillageCore.xcodeproj */ = {isa = PBXFileReference; lastKnownFileType = "wrapper.pb-project"; name = VillageCore.xcodeproj; path = ../../Product/Core/VillageCore/VillageCore.xcodeproj; sourceTree = "<group>"; };
		D4CC29CB22075D070091BEFB /* DonatosVillage.app */ = {isa = PBXFileReference; explicitFileType = wrapper.application; includeInIndex = 0; path = DonatosVillage.app; sourceTree = BUILT_PRODUCTS_DIR; };
		D4CC29CE22075D070091BEFB /* AppDelegate.swift */ = {isa = PBXFileReference; lastKnownFileType = sourcecode.swift; path = AppDelegate.swift; sourceTree = "<group>"; };
		D4CC29D522075D080091BEFB /* Assets.xcassets */ = {isa = PBXFileReference; lastKnownFileType = folder.assetcatalog; path = Assets.xcassets; sourceTree = "<group>"; };
		D4CC29D822075D080091BEFB /* Base */ = {isa = PBXFileReference; lastKnownFileType = file.storyboard; name = Base; path = Base.lproj/LaunchScreen.storyboard; sourceTree = "<group>"; };
		D4CC29DA22075D080091BEFB /* Info.plist */ = {isa = PBXFileReference; lastKnownFileType = text.plist.xml; path = Info.plist; sourceTree = "<group>"; };
		E943258A11A7B681BE7388D8 /* Pods_DonatosVillage.framework */ = {isa = PBXFileReference; explicitFileType = wrapper.framework; includeInIndex = 0; path = Pods_DonatosVillage.framework; sourceTree = BUILT_PRODUCTS_DIR; };
/* End PBXFileReference section */

/* Begin PBXFrameworksBuildPhase section */
		D4CC29C822075D070091BEFB /* Frameworks */ = {
			isa = PBXFrameworksBuildPhase;
			buildActionMask = 2147483647;
			files = (
				D4879A40224196B600CBA8FB /* AppCenterAnalytics.framework in Frameworks */,
				D4879A42224196B600CBA8FB /* AppCenterCrashes.framework in Frameworks */,
				D4879A41224196B600CBA8FB /* AppCenter.framework in Frameworks */,
				D47FD3F2220FB16300376D31 /* VillageCoreUI.framework in Frameworks */,
				D4A983F32269FE8000ACC3F6 /* VillageCore.framework in Frameworks */,
				9659F9DB611700F634E32994 /* Pods_DonatosVillage.framework in Frameworks */,
			);
			runOnlyForDeploymentPostprocessing = 0;
		};
/* End PBXFrameworksBuildPhase section */

/* Begin PBXGroup section */
		927FD57648006082C52C798F /* Pods */ = {
			isa = PBXGroup;
			children = (
				6A21354782F5AAF5295BF86C /* Pods-DonatosVillage.debug.xcconfig */,
				43565619D7EDB88B2A852C60 /* Pods-DonatosVillage.release.xcconfig */,
			);
			name = Pods;
			sourceTree = "<group>";
		};
		D47FD3ED220FB15900376D31 /* Products */ = {
			isa = PBXGroup;
			children = (
				D47FD3F1220FB15900376D31 /* VillageCoreUI.framework */,
			);
			name = Products;
			sourceTree = "<group>";
		};
		D4879A3C2241967300CBA8FB /* Vendor */ = {
			isa = PBXGroup;
			children = (
				D4879A3E224196B500CBA8FB /* AppCenter.framework */,
				D4879A3D224196B400CBA8FB /* AppCenterAnalytics.framework */,
				D4879A3F224196B600CBA8FB /* AppCenterCrashes.framework */,
			);
			path = Vendor;
			sourceTree = "<group>";
		};
		D4A983EB2269FE6E00ACC3F6 /* Products */ = {
			isa = PBXGroup;
			children = (
				D4A983F02269FE6E00ACC3F6 /* VillageCore.framework */,
				D4A983F22269FE6E00ACC3F6 /* VillageCoreTests.xctest */,
			);
			name = Products;
			sourceTree = "<group>";
		};
		D4CC29C222075D070091BEFB = {
			isa = PBXGroup;
			children = (
				D4CC29CD22075D070091BEFB /* DonatosVillage */,
				D4CC29CC22075D070091BEFB /* Products */,
				D54C3D91F4C5144E14E60397 /* Frameworks */,
				927FD57648006082C52C798F /* Pods */,
			);
			sourceTree = "<group>";
		};
		D4CC29CC22075D070091BEFB /* Products */ = {
			isa = PBXGroup;
			children = (
				D4CC29CB22075D070091BEFB /* DonatosVillage.app */,
			);
			name = Products;
			sourceTree = "<group>";
		};
		D4CC29CD22075D070091BEFB /* DonatosVillage */ = {
			isa = PBXGroup;
			children = (
				D4CC29CE22075D070091BEFB /* AppDelegate.swift */,
				D4CC29D522075D080091BEFB /* Assets.xcassets */,
				D4CC29D722075D080091BEFB /* LaunchScreen.storyboard */,
				D4CC29DA22075D080091BEFB /* Info.plist */,
				D4879A3C2241967300CBA8FB /* Vendor */,
			);
			path = DonatosVillage;
			sourceTree = "<group>";
		};
		D54C3D91F4C5144E14E60397 /* Frameworks */ = {
			isa = PBXGroup;
			children = (
				D4A983EA2269FE6E00ACC3F6 /* VillageCore.xcodeproj */,
				D47FD3EC220FB15900376D31 /* VillageCoreUI.xcodeproj */,
				E943258A11A7B681BE7388D8 /* Pods_DonatosVillage.framework */,
			);
			name = Frameworks;
			sourceTree = "<group>";
		};
/* End PBXGroup section */

/* Begin PBXNativeTarget section */
		D4CC29CA22075D070091BEFB /* DonatosVillage */ = {
			isa = PBXNativeTarget;
			buildConfigurationList = D4CC29DD22075D080091BEFB /* Build configuration list for PBXNativeTarget "DonatosVillage" */;
			buildPhases = (
				DD8833D78D8C99DCAED646F8 /* [CP] Check Pods Manifest.lock */,
				D4CC29C722075D070091BEFB /* Sources */,
				D4CC29C822075D070091BEFB /* Frameworks */,
				D4CC29C922075D070091BEFB /* Resources */,
				D4C037F12269482B00BA7D9D /* Set Build Number */,
				D47FD3EB220FB12200376D31 /* Embed Frameworks */,
				58EAADC3F5BC3512C52778CD /* [CP] Embed Pods Frameworks */,
			);
			buildRules = (
			);
			dependencies = (
				D47FD3F5220FB16300376D31 /* PBXTargetDependency */,
				D4A983F62269FE8000ACC3F6 /* PBXTargetDependency */,
			);
			name = DonatosVillage;
			productName = DonatosVillage;
			productReference = D4CC29CB22075D070091BEFB /* DonatosVillage.app */;
			productType = "com.apple.product-type.application";
		};
/* End PBXNativeTarget section */

/* Begin PBXProject section */
		D4CC29C322075D070091BEFB /* Project object */ = {
			isa = PBXProject;
			attributes = {
				LastSwiftUpdateCheck = 1010;
				LastUpgradeCheck = 1010;
				ORGANIZATIONNAME = Donatos;
				TargetAttributes = {
					D4CC29CA22075D070091BEFB = {
						CreatedOnToolsVersion = 10.1;
					};
				};
			};
			buildConfigurationList = D4CC29C622075D070091BEFB /* Build configuration list for PBXProject "DonatosVillage" */;
			compatibilityVersion = "Xcode 9.3";
			developmentRegion = en;
			hasScannedForEncodings = 0;
			knownRegions = (
				en,
				Base,
			);
			mainGroup = D4CC29C222075D070091BEFB;
			productRefGroup = D4CC29CC22075D070091BEFB /* Products */;
			projectDirPath = "";
			projectReferences = (
				{
					ProductGroup = D4A983EB2269FE6E00ACC3F6 /* Products */;
					ProjectRef = D4A983EA2269FE6E00ACC3F6 /* VillageCore.xcodeproj */;
				},
				{
					ProductGroup = D47FD3ED220FB15900376D31 /* Products */;
					ProjectRef = D47FD3EC220FB15900376D31 /* VillageCoreUI.xcodeproj */;
				},
			);
			projectRoot = "";
			targets = (
				D4CC29CA22075D070091BEFB /* DonatosVillage */,
			);
		};
/* End PBXProject section */

/* Begin PBXReferenceProxy section */
		D47FD3F1220FB15900376D31 /* VillageCoreUI.framework */ = {
			isa = PBXReferenceProxy;
			fileType = wrapper.framework;
			path = VillageCoreUI.framework;
			remoteRef = D47FD3F0220FB15900376D31 /* PBXContainerItemProxy */;
			sourceTree = BUILT_PRODUCTS_DIR;
		};
		D4A983F02269FE6E00ACC3F6 /* VillageCore.framework */ = {
			isa = PBXReferenceProxy;
			fileType = wrapper.framework;
			path = VillageCore.framework;
			remoteRef = D4A983EF2269FE6E00ACC3F6 /* PBXContainerItemProxy */;
			sourceTree = BUILT_PRODUCTS_DIR;
		};
		D4A983F22269FE6E00ACC3F6 /* VillageCoreTests.xctest */ = {
			isa = PBXReferenceProxy;
			fileType = wrapper.cfbundle;
			path = VillageCoreTests.xctest;
			remoteRef = D4A983F12269FE6E00ACC3F6 /* PBXContainerItemProxy */;
			sourceTree = BUILT_PRODUCTS_DIR;
		};
/* End PBXReferenceProxy section */

/* Begin PBXResourcesBuildPhase section */
		D4CC29C922075D070091BEFB /* Resources */ = {
			isa = PBXResourcesBuildPhase;
			buildActionMask = 2147483647;
			files = (
				D4CC29D922075D080091BEFB /* LaunchScreen.storyboard in Resources */,
				D4CC29D622075D080091BEFB /* Assets.xcassets in Resources */,
			);
			runOnlyForDeploymentPostprocessing = 0;
		};
/* End PBXResourcesBuildPhase section */

/* Begin PBXShellScriptBuildPhase section */
		58EAADC3F5BC3512C52778CD /* [CP] Embed Pods Frameworks */ = {
			isa = PBXShellScriptBuildPhase;
			buildActionMask = 2147483647;
			files = (
			);
			inputFileListPaths = (
			);
			inputPaths = (
				"${SRCROOT}/../../Pods/Target Support Files/Pods-DonatosVillage/Pods-DonatosVillage-frameworks.sh",
				"${BUILT_PRODUCTS_DIR}/GoogleUtilities/GoogleUtilities.framework",
				"${BUILT_PRODUCTS_DIR}/nanopb/nanopb.framework",
				"${BUILT_PRODUCTS_DIR}/Alamofire/Alamofire.framework",
				"${BUILT_PRODUCTS_DIR}/Moya/Moya.framework",
				"${BUILT_PRODUCTS_DIR}/PromisesObjC/FBLPromises.framework",
				"${BUILT_PRODUCTS_DIR}/PromisesSwift/Promises.framework",
				"${BUILT_PRODUCTS_DIR}/Result/Result.framework",
				"${BUILT_PRODUCTS_DIR}/SwiftyJSON/SwiftyJSON.framework",
				"${BUILT_PRODUCTS_DIR}/AlamofireImage/AlamofireImage.framework",
				"${BUILT_PRODUCTS_DIR}/Nantes/Nantes.framework",
			);
			name = "[CP] Embed Pods Frameworks";
			outputFileListPaths = (
			);
			outputPaths = (
				"${TARGET_BUILD_DIR}/${FRAMEWORKS_FOLDER_PATH}/GoogleUtilities.framework",
				"${TARGET_BUILD_DIR}/${FRAMEWORKS_FOLDER_PATH}/nanopb.framework",
				"${TARGET_BUILD_DIR}/${FRAMEWORKS_FOLDER_PATH}/Alamofire.framework",
				"${TARGET_BUILD_DIR}/${FRAMEWORKS_FOLDER_PATH}/Moya.framework",
				"${TARGET_BUILD_DIR}/${FRAMEWORKS_FOLDER_PATH}/FBLPromises.framework",
				"${TARGET_BUILD_DIR}/${FRAMEWORKS_FOLDER_PATH}/Promises.framework",
				"${TARGET_BUILD_DIR}/${FRAMEWORKS_FOLDER_PATH}/Result.framework",
				"${TARGET_BUILD_DIR}/${FRAMEWORKS_FOLDER_PATH}/SwiftyJSON.framework",
				"${TARGET_BUILD_DIR}/${FRAMEWORKS_FOLDER_PATH}/AlamofireImage.framework",
				"${TARGET_BUILD_DIR}/${FRAMEWORKS_FOLDER_PATH}/Nantes.framework",
			);
			runOnlyForDeploymentPostprocessing = 0;
			shellPath = /bin/sh;
			shellScript = "\"${SRCROOT}/../../Pods/Target Support Files/Pods-DonatosVillage/Pods-DonatosVillage-frameworks.sh\"\n";
			showEnvVarsInLog = 0;
		};
		D4C037F12269482B00BA7D9D /* Set Build Number */ = {
			isa = PBXShellScriptBuildPhase;
			buildActionMask = 2147483647;
			files = (
			);
			inputFileListPaths = (
			);
			inputPaths = (
			);
			name = "Set Build Number";
			outputFileListPaths = (
			);
			outputPaths = (
			);
			runOnlyForDeploymentPostprocessing = 0;
			shellPath = /bin/sh;
			shellScript = "# Source: https://blog.curtisherbert.com/automated-xcode-build-numbers-early-2019-edition/?utm_campaign=iOS%2BDev%2BWeekly&utm_medium=web&utm_source=iOS%2BDev%2BWeekly%2BIssue%2B397\ngit=`sh /etc/profile; which git`\nbundleVersion=`\"$git\" rev-list --all |wc -l`\n/usr/libexec/PlistBuddy -c \"Set :CFBundleVersion $bundleVersion\" \"${TARGET_BUILD_DIR}/${INFOPLIST_PATH}\"\n\necho \"Updated build number in ${TARGET_BUILD_DIR}/${INFOPLIST_PATH} to $bundleVersion\"\n";
		};
		DD8833D78D8C99DCAED646F8 /* [CP] Check Pods Manifest.lock */ = {
			isa = PBXShellScriptBuildPhase;
			buildActionMask = 2147483647;
			files = (
			);
			inputFileListPaths = (
			);
			inputPaths = (
				"${PODS_PODFILE_DIR_PATH}/Podfile.lock",
				"${PODS_ROOT}/Manifest.lock",
			);
			name = "[CP] Check Pods Manifest.lock";
			outputFileListPaths = (
			);
			outputPaths = (
				"$(DERIVED_FILE_DIR)/Pods-DonatosVillage-checkManifestLockResult.txt",
			);
			runOnlyForDeploymentPostprocessing = 0;
			shellPath = /bin/sh;
			shellScript = "diff \"${PODS_PODFILE_DIR_PATH}/Podfile.lock\" \"${PODS_ROOT}/Manifest.lock\" > /dev/null\nif [ $? != 0 ] ; then\n    # print error to STDERR\n    echo \"error: The sandbox is not in sync with the Podfile.lock. Run 'pod install' or update your CocoaPods installation.\" >&2\n    exit 1\nfi\n# This output is used by Xcode 'outputs' to avoid re-running this script phase.\necho \"SUCCESS\" > \"${SCRIPT_OUTPUT_FILE_0}\"\n";
			showEnvVarsInLog = 0;
		};
/* End PBXShellScriptBuildPhase section */

/* Begin PBXSourcesBuildPhase section */
		D4CC29C722075D070091BEFB /* Sources */ = {
			isa = PBXSourcesBuildPhase;
			buildActionMask = 2147483647;
			files = (
				D4CC29CF22075D070091BEFB /* AppDelegate.swift in Sources */,
			);
			runOnlyForDeploymentPostprocessing = 0;
		};
/* End PBXSourcesBuildPhase section */

/* Begin PBXTargetDependency section */
		D47FD3F5220FB16300376D31 /* PBXTargetDependency */ = {
			isa = PBXTargetDependency;
			name = VillageCoreUI;
			targetProxy = D47FD3F4220FB16300376D31 /* PBXContainerItemProxy */;
		};
		D4A983F62269FE8000ACC3F6 /* PBXTargetDependency */ = {
			isa = PBXTargetDependency;
			name = VillageCore;
			targetProxy = D4A983F52269FE8000ACC3F6 /* PBXContainerItemProxy */;
		};
/* End PBXTargetDependency section */

/* Begin PBXVariantGroup section */
		D4CC29D722075D080091BEFB /* LaunchScreen.storyboard */ = {
			isa = PBXVariantGroup;
			children = (
				D4CC29D822075D080091BEFB /* Base */,
			);
			name = LaunchScreen.storyboard;
			sourceTree = "<group>";
		};
/* End PBXVariantGroup section */

/* Begin XCBuildConfiguration section */
		D4CC29DB22075D080091BEFB /* Debug */ = {
			isa = XCBuildConfiguration;
			buildSettings = {
				ALWAYS_SEARCH_USER_PATHS = NO;
				CLANG_ANALYZER_NONNULL = YES;
				CLANG_ANALYZER_NUMBER_OBJECT_CONVERSION = YES_AGGRESSIVE;
				CLANG_CXX_LANGUAGE_STANDARD = "gnu++14";
				CLANG_CXX_LIBRARY = "libc++";
				CLANG_ENABLE_MODULES = YES;
				CLANG_ENABLE_OBJC_ARC = YES;
				CLANG_ENABLE_OBJC_WEAK = YES;
				CLANG_WARN_BLOCK_CAPTURE_AUTORELEASING = YES;
				CLANG_WARN_BOOL_CONVERSION = YES;
				CLANG_WARN_COMMA = YES;
				CLANG_WARN_CONSTANT_CONVERSION = YES;
				CLANG_WARN_DEPRECATED_OBJC_IMPLEMENTATIONS = YES;
				CLANG_WARN_DIRECT_OBJC_ISA_USAGE = YES_ERROR;
				CLANG_WARN_DOCUMENTATION_COMMENTS = YES;
				CLANG_WARN_EMPTY_BODY = YES;
				CLANG_WARN_ENUM_CONVERSION = YES;
				CLANG_WARN_INFINITE_RECURSION = YES;
				CLANG_WARN_INT_CONVERSION = YES;
				CLANG_WARN_NON_LITERAL_NULL_CONVERSION = YES;
				CLANG_WARN_OBJC_IMPLICIT_RETAIN_SELF = YES;
				CLANG_WARN_OBJC_LITERAL_CONVERSION = YES;
				CLANG_WARN_OBJC_ROOT_CLASS = YES_ERROR;
				CLANG_WARN_RANGE_LOOP_ANALYSIS = YES;
				CLANG_WARN_STRICT_PROTOTYPES = YES;
				CLANG_WARN_SUSPICIOUS_MOVE = YES;
				CLANG_WARN_UNGUARDED_AVAILABILITY = YES_AGGRESSIVE;
				CLANG_WARN_UNREACHABLE_CODE = YES;
				CLANG_WARN__DUPLICATE_METHOD_MATCH = YES;
				CODE_SIGN_IDENTITY = "iPhone Developer";
				COPY_PHASE_STRIP = NO;
				DEBUG_INFORMATION_FORMAT = dwarf;
				ENABLE_STRICT_OBJC_MSGSEND = YES;
				ENABLE_TESTABILITY = YES;
				GCC_C_LANGUAGE_STANDARD = gnu11;
				GCC_DYNAMIC_NO_PIC = NO;
				GCC_NO_COMMON_BLOCKS = YES;
				GCC_OPTIMIZATION_LEVEL = 0;
				GCC_PREPROCESSOR_DEFINITIONS = (
					"DEBUG=1",
					"$(inherited)",
				);
				GCC_WARN_64_TO_32_BIT_CONVERSION = YES;
				GCC_WARN_ABOUT_RETURN_TYPE = YES_ERROR;
				GCC_WARN_UNDECLARED_SELECTOR = YES;
				GCC_WARN_UNINITIALIZED_AUTOS = YES_AGGRESSIVE;
				GCC_WARN_UNUSED_FUNCTION = YES;
				GCC_WARN_UNUSED_VARIABLE = YES;
				IPHONEOS_DEPLOYMENT_TARGET = 12.1;
				MTL_ENABLE_DEBUG_INFO = INCLUDE_SOURCE;
				MTL_FAST_MATH = YES;
				ONLY_ACTIVE_ARCH = YES;
				SDKROOT = iphoneos;
				SWIFT_ACTIVE_COMPILATION_CONDITIONS = DEBUG;
				SWIFT_OPTIMIZATION_LEVEL = "-Onone";
			};
			name = Debug;
		};
		D4CC29DC22075D080091BEFB /* Release */ = {
			isa = XCBuildConfiguration;
			buildSettings = {
				ALWAYS_SEARCH_USER_PATHS = NO;
				CLANG_ANALYZER_NONNULL = YES;
				CLANG_ANALYZER_NUMBER_OBJECT_CONVERSION = YES_AGGRESSIVE;
				CLANG_CXX_LANGUAGE_STANDARD = "gnu++14";
				CLANG_CXX_LIBRARY = "libc++";
				CLANG_ENABLE_MODULES = YES;
				CLANG_ENABLE_OBJC_ARC = YES;
				CLANG_ENABLE_OBJC_WEAK = YES;
				CLANG_WARN_BLOCK_CAPTURE_AUTORELEASING = YES;
				CLANG_WARN_BOOL_CONVERSION = YES;
				CLANG_WARN_COMMA = YES;
				CLANG_WARN_CONSTANT_CONVERSION = YES;
				CLANG_WARN_DEPRECATED_OBJC_IMPLEMENTATIONS = YES;
				CLANG_WARN_DIRECT_OBJC_ISA_USAGE = YES_ERROR;
				CLANG_WARN_DOCUMENTATION_COMMENTS = YES;
				CLANG_WARN_EMPTY_BODY = YES;
				CLANG_WARN_ENUM_CONVERSION = YES;
				CLANG_WARN_INFINITE_RECURSION = YES;
				CLANG_WARN_INT_CONVERSION = YES;
				CLANG_WARN_NON_LITERAL_NULL_CONVERSION = YES;
				CLANG_WARN_OBJC_IMPLICIT_RETAIN_SELF = YES;
				CLANG_WARN_OBJC_LITERAL_CONVERSION = YES;
				CLANG_WARN_OBJC_ROOT_CLASS = YES_ERROR;
				CLANG_WARN_RANGE_LOOP_ANALYSIS = YES;
				CLANG_WARN_STRICT_PROTOTYPES = YES;
				CLANG_WARN_SUSPICIOUS_MOVE = YES;
				CLANG_WARN_UNGUARDED_AVAILABILITY = YES_AGGRESSIVE;
				CLANG_WARN_UNREACHABLE_CODE = YES;
				CLANG_WARN__DUPLICATE_METHOD_MATCH = YES;
				CODE_SIGN_IDENTITY = "iPhone Developer";
				COPY_PHASE_STRIP = NO;
				DEBUG_INFORMATION_FORMAT = "dwarf-with-dsym";
				ENABLE_NS_ASSERTIONS = NO;
				ENABLE_STRICT_OBJC_MSGSEND = YES;
				GCC_C_LANGUAGE_STANDARD = gnu11;
				GCC_NO_COMMON_BLOCKS = YES;
				GCC_WARN_64_TO_32_BIT_CONVERSION = YES;
				GCC_WARN_ABOUT_RETURN_TYPE = YES_ERROR;
				GCC_WARN_UNDECLARED_SELECTOR = YES;
				GCC_WARN_UNINITIALIZED_AUTOS = YES_AGGRESSIVE;
				GCC_WARN_UNUSED_FUNCTION = YES;
				GCC_WARN_UNUSED_VARIABLE = YES;
				IPHONEOS_DEPLOYMENT_TARGET = 12.1;
				MTL_ENABLE_DEBUG_INFO = NO;
				MTL_FAST_MATH = YES;
				SDKROOT = iphoneos;
				SWIFT_COMPILATION_MODE = wholemodule;
				SWIFT_OPTIMIZATION_LEVEL = "-O";
				VALIDATE_PRODUCT = YES;
			};
			name = Release;
		};
		D4CC29DE22075D080091BEFB /* Debug */ = {
			isa = XCBuildConfiguration;
			baseConfigurationReference = 6A21354782F5AAF5295BF86C /* Pods-DonatosVillage.debug.xcconfig */;
			buildSettings = {
				ALWAYS_EMBED_SWIFT_STANDARD_LIBRARIES = YES;
				ASSETCATALOG_COMPILER_APPICON_NAME = AppIcon;
				CODE_SIGN_STYLE = Manual;
				DEVELOPMENT_TEAM = PH47MC4D6A;
				FRAMEWORK_SEARCH_PATHS = (
					"$(inherited)",
					"$(PROJECT_DIR)/DonatosVillage/Vendor",
				);
				INFOPLIST_FILE = DonatosVillage/Info.plist;
				IPHONEOS_DEPLOYMENT_TARGET = 11.0;
				LD_RUNPATH_SEARCH_PATHS = (
					"$(inherited)",
					"@executable_path/Frameworks",
					"$(CONFIGURATION_BUILD_DIR)",
				);
				PRODUCT_BUNDLE_IDENTIFIER = com.donatos.ios.village;
				PRODUCT_NAME = "$(TARGET_NAME)";
				PROVISIONING_PROFILE_SPECIFIER = "Development com.donatos.ios.village";
				SWIFT_VERSION = 4.2;
				TARGETED_DEVICE_FAMILY = 1;
			};
			name = Debug;
		};
		D4CC29DF22075D080091BEFB /* Release */ = {
			isa = XCBuildConfiguration;
			baseConfigurationReference = 43565619D7EDB88B2A852C60 /* Pods-DonatosVillage.release.xcconfig */;
			buildSettings = {
				ALWAYS_EMBED_SWIFT_STANDARD_LIBRARIES = YES;
				ASSETCATALOG_COMPILER_APPICON_NAME = AppIcon;
				CODE_SIGN_IDENTITY = "iPhone Distribution";
				CODE_SIGN_STYLE = Manual;
				DEVELOPMENT_TEAM = PH47MC4D6A;
				FRAMEWORK_SEARCH_PATHS = (
					"$(inherited)",
					"$(PROJECT_DIR)/DonatosVillage/Vendor",
				);
				INFOPLIST_FILE = DonatosVillage/Info.plist;
				IPHONEOS_DEPLOYMENT_TARGET = 11.0;
				LD_RUNPATH_SEARCH_PATHS = (
					"$(inherited)",
					"@executable_path/Frameworks",
					"$(CONFIGURATION_BUILD_DIR)",
				);
				PRODUCT_BUNDLE_IDENTIFIER = com.donatos.ios.village;
				PRODUCT_NAME = "$(TARGET_NAME)";
				PROVISIONING_PROFILE_SPECIFIER = "AdHoc com.donatos.ios.village";
				SWIFT_VERSION = 4.2;
				TARGETED_DEVICE_FAMILY = 1;
			};
			name = Release;
		};
/* End XCBuildConfiguration section */

/* Begin XCConfigurationList section */
		D4CC29C622075D070091BEFB /* Build configuration list for PBXProject "DonatosVillage" */ = {
			isa = XCConfigurationList;
			buildConfigurations = (
				D4CC29DB22075D080091BEFB /* Debug */,
				D4CC29DC22075D080091BEFB /* Release */,
			);
			defaultConfigurationIsVisible = 0;
			defaultConfigurationName = Release;
		};
		D4CC29DD22075D080091BEFB /* Build configuration list for PBXNativeTarget "DonatosVillage" */ = {
			isa = XCConfigurationList;
			buildConfigurations = (
				D4CC29DE22075D080091BEFB /* Debug */,
				D4CC29DF22075D080091BEFB /* Release */,
			);
			defaultConfigurationIsVisible = 0;
			defaultConfigurationName = Release;
		};
/* End XCConfigurationList section */
	};
	rootObject = D4CC29C322075D070091BEFB /* Project object */;
}
